Microsoft Visual Studio Solution File, Format Version 12.00
# Visual Studio 2013
Project("{8BC9CEB8-8B4A-11D0-8D11-00A0C91BC942}") = "ALL_BUILD", "ALL_BUILD.vcxproj", "{559EF740-43C3-4F2C-9D11-3CCFAD015A8B}"
	ProjectSection(ProjectDependencies) = postProject
		{9A591CD7-E007-43EE-BBBD-EDF52558BBFF} = {9A591CD7-E007-43EE-BBBD-EDF52558BBFF}
		{92F180E0-24C9-4AD3-99FC-EEDD6D03C56D} = {92F180E0-24C9-4AD3-99FC-EEDD6D03C56D}
		{D0EE6DA6-34EA-4839-8FEE-C20A4FB9A743} = {D0EE6DA6-34EA-4839-8FEE-C20A4FB9A743}
		{9A0ECE9A-4FAA-4A18-80D9-6D7ACEC5258B} = {9A0ECE9A-4FAA-4A18-80D9-6D7ACEC5258B}
		{BDFB9F6C-2EF9-4C73-A38B-965208EB5573} = {BDFB9F6C-2EF9-4C73-A38B-965208EB5573}
		{825545A4-DA87-4532-8211-0A9AFED2C5E0} = {825545A4-DA87-4532-8211-0A9AFED2C5E0}
		{4E5CEA81-B001-4E51-9A4F-0EB556A6D68B} = {4E5CEA81-B001-4E51-9A4F-0EB556A6D68B}
		{71DF58C6-B848-4954-931F-FBFBD6377B09} = {71DF58C6-B848-4954-931F-FBFBD6377B09}
		{ADB60431-BCCF-4CB8-8C0E-E138A57474B6} = {ADB60431-BCCF-4CB8-8C0E-E138A57474B6}
		{4AF767FA-4C9D-42EC-9B1D-BF186083E8E2} = {4AF767FA-4C9D-42EC-9B1D-BF186083E8E2}
		{DD902847-C640-412F-A834-06DC1F7FEB88} = {DD902847-C640-412F-A834-06DC1F7FEB88}
		{C6DA5EA1-A9A1-4CFC-B07B-0B6370FFEA5C} = {C6DA5EA1-A9A1-4CFC-B07B-0B6370FFEA5C}
		{0E945379-8962-4825-A358-4686524ED3A0} = {0E945379-8962-4825-A358-4686524ED3A0}
		{60C07A95-36D0-4B73-A038-DFB351E90761} = {60C07A95-36D0-4B73-A038-DFB351E90761}
		{37D2F89E-9069-43A0-8AAC-A219EDEA6F9C} = {37D2F89E-9069-43A0-8AAC-A219EDEA6F9C}
		{97FFB6CC-93BB-4DBF-A733-91F2A1D2D580} = {97FFB6CC-93BB-4DBF-A733-91F2A1D2D580}
		{497D8F51-167B-4042-8BCC-9D2B17385ABA} = {497D8F51-167B-4042-8BCC-9D2B17385ABA}
		{7F8402A8-58FF-41B8-B5CD-03CC24DC8DC8} = {7F8402A8-58FF-41B8-B5CD-03CC24DC8DC8}
		{C1F35CE4-59ED-47F1-B7BD-0B36DA6C1A57} = {C1F35CE4-59ED-47F1-B7BD-0B36DA6C1A57}
		{46348203-CD09-400B-833F-66CEDA58DDDD} = {46348203-CD09-400B-833F-66CEDA58DDDD}
		{272875D4-4B6A-469B-9CBD-72B647579EFC} = {272875D4-4B6A-469B-9CBD-72B647579EFC}
		{A995C0E6-42B3-40E3-937F-B1DD7C0D9105} = {A995C0E6-42B3-40E3-937F-B1DD7C0D9105}
		{A1FA23D1-34F9-4B74-B556-AF36A68D0FF8} = {A1FA23D1-34F9-4B74-B556-AF36A68D0FF8}
		{82E339FC-50F3-49E1-B229-A10D269FDFD5} = {82E339FC-50F3-49E1-B229-A10D269FDFD5}
		{22BD60B5-C039-46F3-A20C-F9DABF29311C} = {22BD60B5-C039-46F3-A20C-F9DABF29311C}
		{BDDF92AA-AAB7-42A2-B56B-7287FAA691FD} = {BDDF92AA-AAB7-42A2-B56B-7287FAA691FD}
		{3D75956F-BCEF-40B6-9B7D-A684F5228A31} = {3D75956F-BCEF-40B6-9B7D-A684F5228A31}
		{43689192-C210-45E6-9631-9FB109027E04} = {43689192-C210-45E6-9631-9FB109027E04}
		{2436A457-C001-4144-8236-1AE11B44F922} = {2436A457-C001-4144-8236-1AE11B44F922}
		{58E83EB3-72BF-4146-AE2E-BC645AF51F54} = {58E83EB3-72BF-4146-AE2E-BC645AF51F54}
		{1B92E8C4-FC9B-4ADB-9B48-10593DA72B2E} = {1B92E8C4-FC9B-4ADB-9B48-10593DA72B2E}
		{90BA4A10-1FE0-481C-A8FF-939F45614E4C} = {90BA4A10-1FE0-481C-A8FF-939F45614E4C}
		{10FBDA97-3BAF-42AF-B005-14F04BFAFE6F} = {10FBDA97-3BAF-42AF-B005-14F04BFAFE6F}
		{F85F9BF9-DC8E-4F9C-81BD-2063B87693FD} = {F85F9BF9-DC8E-4F9C-81BD-2063B87693FD}
		{E1A0AA40-EFB4-42CD-9630-9A34CC7E247F} = {E1A0AA40-EFB4-42CD-9630-9A34CC7E247F}
		{B33E2C0D-0D60-4E37-ABF0-BFFB15A4E11B} = {B33E2C0D-0D60-4E37-ABF0-BFFB15A4E11B}
		{7B21439D-0332-491A-AA0B-6505AF146102} = {7B21439D-0332-491A-AA0B-6505AF146102}
		{50A87631-8F75-421F-BF55-72F323EFA355} = {50A87631-8F75-421F-BF55-72F323EFA355}
		{6BE9FB30-E25F-4101-8382-632D81C3FA1D} = {6BE9FB30-E25F-4101-8382-632D81C3FA1D}
		{0E1DCBB6-6014-4443-A329-7F518206C31A} = {0E1DCBB6-6014-4443-A329-7F518206C31A}
		{8E049620-2F85-463A-A341-2F23D1C10966} = {8E049620-2F85-463A-A341-2F23D1C10966}
	EndProjectSection
EndProject
Project("{8BC9CEB8-8B4A-11D0-8D11-00A0C91BC942}") = "INSTALL", "INSTALL.vcxproj", "{31159324-08E9-492F-A06E-5D169ABAFA23}"
	ProjectSection(ProjectDependencies) = postProject
		{559EF740-43C3-4F2C-9D11-3CCFAD015A8B} = {559EF740-43C3-4F2C-9D11-3CCFAD015A8B}
	EndProjectSection
EndProject
Project("{8BC9CEB8-8B4A-11D0-8D11-00A0C91BC942}") = "PACKAGE", "PACKAGE.vcxproj", "{5C872BB2-3749-4755-91A0-74E4E55CBE67}"
	ProjectSection(ProjectDependencies) = postProject
		{559EF740-43C3-4F2C-9D11-3CCFAD015A8B} = {559EF740-43C3-4F2C-9D11-3CCFAD015A8B}
	EndProjectSection
EndProject
Project("{8BC9CEB8-8B4A-11D0-8D11-00A0C91BC942}") = "winpr-asn1", "libwinpr\asn1\winpr-asn1.vcxproj", "{9A591CD7-E007-43EE-BBBD-EDF52558BBFF}"
	ProjectSection(ProjectDependencies) = postProject
	EndProjectSection
EndProject
Project("{8BC9CEB8-8B4A-11D0-8D11-00A0C91BC942}") = "winpr-bcrypt", "libwinpr\bcrypt\winpr-bcrypt.vcxproj", "{92F180E0-24C9-4AD3-99FC-EEDD6D03C56D}"
	ProjectSection(ProjectDependencies) = postProject
		{825545A4-DA87-4532-8211-0A9AFED2C5E0} = {825545A4-DA87-4532-8211-0A9AFED2C5E0}
		{ADB60431-BCCF-4CB8-8C0E-E138A57474B6} = {ADB60431-BCCF-4CB8-8C0E-E138A57474B6}
		{4AF767FA-4C9D-42EC-9B1D-BF186083E8E2} = {4AF767FA-4C9D-42EC-9B1D-BF186083E8E2}
		{DD902847-C640-412F-A834-06DC1F7FEB88} = {DD902847-C640-412F-A834-06DC1F7FEB88}
		{C6DA5EA1-A9A1-4CFC-B07B-0B6370FFEA5C} = {C6DA5EA1-A9A1-4CFC-B07B-0B6370FFEA5C}
		{60C07A95-36D0-4B73-A038-DFB351E90761} = {60C07A95-36D0-4B73-A038-DFB351E90761}
		{97FFB6CC-93BB-4DBF-A733-91F2A1D2D580} = {97FFB6CC-93BB-4DBF-A733-91F2A1D2D580}
		{A1FA23D1-34F9-4B74-B556-AF36A68D0FF8} = {A1FA23D1-34F9-4B74-B556-AF36A68D0FF8}
		{82E339FC-50F3-49E1-B229-A10D269FDFD5} = {82E339FC-50F3-49E1-B229-A10D269FDFD5}
		{10FBDA97-3BAF-42AF-B005-14F04BFAFE6F} = {10FBDA97-3BAF-42AF-B005-14F04BFAFE6F}
		{F85F9BF9-DC8E-4F9C-81BD-2063B87693FD} = {F85F9BF9-DC8E-4F9C-81BD-2063B87693FD}
		{E1A0AA40-EFB4-42CD-9630-9A34CC7E247F} = {E1A0AA40-EFB4-42CD-9630-9A34CC7E247F}
		{7B21439D-0332-491A-AA0B-6505AF146102} = {7B21439D-0332-491A-AA0B-6505AF146102}
	EndProjectSection
EndProject
Project("{8BC9CEB8-8B4A-11D0-8D11-00A0C91BC942}") = "winpr-com", "libwinpr\com\winpr-com.vcxproj", "{D0EE6DA6-34EA-4839-8FEE-C20A4FB9A743}"
	ProjectSection(ProjectDependencies) = postProject
	EndProjectSection
EndProject
Project("{8BC9CEB8-8B4A-11D0-8D11-00A0C91BC942}") = "winpr-credentials", "libwinpr\credentials\winpr-credentials.vcxproj", "{9A0ECE9A-4FAA-4A18-80D9-6D7ACEC5258B}"
	ProjectSection(ProjectDependencies) = postProject
	EndProjectSection
EndProject
Project("{8BC9CEB8-8B4A-11D0-8D11-00A0C91BC942}") = "winpr-credui", "libwinpr\credui\winpr-credui.vcxproj", "{BDFB9F6C-2EF9-4C73-A38B-965208EB5573}"
	ProjectSection(ProjectDependencies) = postProject
		{825545A4-DA87-4532-8211-0A9AFED2C5E0} = {825545A4-DA87-4532-8211-0A9AFED2C5E0}
		{ADB60431-BCCF-4CB8-8C0E-E138A57474B6} = {ADB60431-BCCF-4CB8-8C0E-E138A57474B6}
		{4AF767FA-4C9D-42EC-9B1D-BF186083E8E2} = {4AF767FA-4C9D-42EC-9B1D-BF186083E8E2}
		{DD902847-C640-412F-A834-06DC1F7FEB88} = {DD902847-C640-412F-A834-06DC1F7FEB88}
		{C6DA5EA1-A9A1-4CFC-B07B-0B6370FFEA5C} = {C6DA5EA1-A9A1-4CFC-B07B-0B6370FFEA5C}
		{60C07A95-36D0-4B73-A038-DFB351E90761} = {60C07A95-36D0-4B73-A038-DFB351E90761}
		{97FFB6CC-93BB-4DBF-A733-91F2A1D2D580} = {97FFB6CC-93BB-4DBF-A733-91F2A1D2D580}
		{A1FA23D1-34F9-4B74-B556-AF36A68D0FF8} = {A1FA23D1-34F9-4B74-B556-AF36A68D0FF8}
		{82E339FC-50F3-49E1-B229-A10D269FDFD5} = {82E339FC-50F3-49E1-B229-A10D269FDFD5}
		{10FBDA97-3BAF-42AF-B005-14F04BFAFE6F} = {10FBDA97-3BAF-42AF-B005-14F04BFAFE6F}
		{F85F9BF9-DC8E-4F9C-81BD-2063B87693FD} = {F85F9BF9-DC8E-4F9C-81BD-2063B87693FD}
		{E1A0AA40-EFB4-42CD-9630-9A34CC7E247F} = {E1A0AA40-EFB4-42CD-9630-9A34CC7E247F}
		{7B21439D-0332-491A-AA0B-6505AF146102} = {7B21439D-0332-491A-AA0B-6505AF146102}
	EndProjectSection
EndProject
Project("{8BC9CEB8-8B4A-11D0-8D11-00A0C91BC942}") = "winpr-crt", "libwinpr\crt\winpr-crt.vcxproj", "{825545A4-DA87-4532-8211-0A9AFED2C5E0}"
	ProjectSection(ProjectDependencies) = postProject
	EndProjectSection
EndProject
Project("{8BC9CEB8-8B4A-11D0-8D11-00A0C91BC942}") = "winpr-crypto", "libwinpr\crypto\winpr-crypto.vcxproj", "{4E5CEA81-B001-4E51-9A4F-0EB556A6D68B}"
	ProjectSection(ProjectDependencies) = postProject
	EndProjectSection
EndProject
Project("{8BC9CEB8-8B4A-11D0-8D11-00A0C91BC942}") = "winpr-dsparse", "libwinpr\dsparse\winpr-dsparse.vcxproj", "{71DF58C6-B848-4954-931F-FBFBD6377B09}"
	ProjectSection(ProjectDependencies) = postProject
	EndProjectSection
EndProject
Project("{8BC9CEB8-8B4A-11D0-8D11-00A0C91BC942}") = "winpr-environment", "libwinpr\environment\winpr-environment.vcxproj", "{ADB60431-BCCF-4CB8-8C0E-E138A57474B6}"
	ProjectSection(ProjectDependencies) = postProject
		{825545A4-DA87-4532-8211-0A9AFED2C5E0} = {825545A4-DA87-4532-8211-0A9AFED2C5E0}
		{4AF767FA-4C9D-42EC-9B1D-BF186083E8E2} = {4AF767FA-4C9D-42EC-9B1D-BF186083E8E2}
		{A1FA23D1-34F9-4B74-B556-AF36A68D0FF8} = {A1FA23D1-34F9-4B74-B556-AF36A68D0FF8}
	EndProjectSection
EndProject
Project("{8BC9CEB8-8B4A-11D0-8D11-00A0C91BC942}") = "winpr-error", "libwinpr\error\winpr-error.vcxproj", "{4AF767FA-4C9D-42EC-9B1D-BF186083E8E2}"
	ProjectSection(ProjectDependencies) = postProject
		{825545A4-DA87-4532-8211-0A9AFED2C5E0} = {825545A4-DA87-4532-8211-0A9AFED2C5E0}
		{A1FA23D1-34F9-4B74-B556-AF36A68D0FF8} = {A1FA23D1-34F9-4B74-B556-AF36A68D0FF8}
	EndProjectSection
EndProject
Project("{8BC9CEB8-8B4A-11D0-8D11-00A0C91BC942}") = "winpr-file", "libwinpr\file\winpr-file.vcxproj", "{DD902847-C640-412F-A834-06DC1F7FEB88}"
	ProjectSection(ProjectDependencies) = postProject
		{825545A4-DA87-4532-8211-0A9AFED2C5E0} = {825545A4-DA87-4532-8211-0A9AFED2C5E0}
		{ADB60431-BCCF-4CB8-8C0E-E138A57474B6} = {ADB60431-BCCF-4CB8-8C0E-E138A57474B6}
		{4AF767FA-4C9D-42EC-9B1D-BF186083E8E2} = {4AF767FA-4C9D-42EC-9B1D-BF186083E8E2}
		{C6DA5EA1-A9A1-4CFC-B07B-0B6370FFEA5C} = {C6DA5EA1-A9A1-4CFC-B07B-0B6370FFEA5C}
		{60C07A95-36D0-4B73-A038-DFB351E90761} = {60C07A95-36D0-4B73-A038-DFB351E90761}
		{97FFB6CC-93BB-4DBF-A733-91F2A1D2D580} = {97FFB6CC-93BB-4DBF-A733-91F2A1D2D580}
		{A1FA23D1-34F9-4B74-B556-AF36A68D0FF8} = {A1FA23D1-34F9-4B74-B556-AF36A68D0FF8}
		{82E339FC-50F3-49E1-B229-A10D269FDFD5} = {82E339FC-50F3-49E1-B229-A10D269FDFD5}
		{10FBDA97-3BAF-42AF-B005-14F04BFAFE6F} = {10FBDA97-3BAF-42AF-B005-14F04BFAFE6F}
		{F85F9BF9-DC8E-4F9C-81BD-2063B87693FD} = {F85F9BF9-DC8E-4F9C-81BD-2063B87693FD}
		{E1A0AA40-EFB4-42CD-9630-9A34CC7E247F} = {E1A0AA40-EFB4-42CD-9630-9A34CC7E247F}
	EndProjectSection
EndProject
Project("{8BC9CEB8-8B4A-11D0-8D11-00A0C91BC942}") = "winpr-handle", "libwinpr\handle\winpr-handle.vcxproj", "{C6DA5EA1-A9A1-4CFC-B07B-0B6370FFEA5C}"
	ProjectSection(ProjectDependencies) = postProject
	EndProjectSection
EndProject
Project("{8BC9CEB8-8B4A-11D0-8D11-00A0C91BC942}") = "winpr-hash", "tools\hash\winpr-hash.vcxproj", "{0E945379-8962-4825-A358-4686524ED3A0}"
	ProjectSection(ProjectDependencies) = postProject
		{825545A4-DA87-4532-8211-0A9AFED2C5E0} = {825545A4-DA87-4532-8211-0A9AFED2C5E0}
		{ADB60431-BCCF-4CB8-8C0E-E138A57474B6} = {ADB60431-BCCF-4CB8-8C0E-E138A57474B6}
		{4AF767FA-4C9D-42EC-9B1D-BF186083E8E2} = {4AF767FA-4C9D-42EC-9B1D-BF186083E8E2}
		{DD902847-C640-412F-A834-06DC1F7FEB88} = {DD902847-C640-412F-A834-06DC1F7FEB88}
		{C6DA5EA1-A9A1-4CFC-B07B-0B6370FFEA5C} = {C6DA5EA1-A9A1-4CFC-B07B-0B6370FFEA5C}
		{60C07A95-36D0-4B73-A038-DFB351E90761} = {60C07A95-36D0-4B73-A038-DFB351E90761}
		{97FFB6CC-93BB-4DBF-A733-91F2A1D2D580} = {97FFB6CC-93BB-4DBF-A733-91F2A1D2D580}
		{A1FA23D1-34F9-4B74-B556-AF36A68D0FF8} = {A1FA23D1-34F9-4B74-B556-AF36A68D0FF8}
		{82E339FC-50F3-49E1-B229-A10D269FDFD5} = {82E339FC-50F3-49E1-B229-A10D269FDFD5}
		{10FBDA97-3BAF-42AF-B005-14F04BFAFE6F} = {10FBDA97-3BAF-42AF-B005-14F04BFAFE6F}
		{F85F9BF9-DC8E-4F9C-81BD-2063B87693FD} = {F85F9BF9-DC8E-4F9C-81BD-2063B87693FD}
		{E1A0AA40-EFB4-42CD-9630-9A34CC7E247F} = {E1A0AA40-EFB4-42CD-9630-9A34CC7E247F}
		{7B21439D-0332-491A-AA0B-6505AF146102} = {7B21439D-0332-491A-AA0B-6505AF146102}
	EndProjectSection
EndProject
Project("{8BC9CEB8-8B4A-11D0-8D11-00A0C91BC942}") = "winpr-heap", "libwinpr\heap\winpr-heap.vcxproj", "{60C07A95-36D0-4B73-A038-DFB351E90761}"
	ProjectSection(ProjectDependencies) = postProject
	EndProjectSection
EndProject
Project("{8BC9CEB8-8B4A-11D0-8D11-00A0C91BC942}") = "winpr-input", "libwinpr\input\winpr-input.vcxproj", "{37D2F89E-9069-43A0-8AAC-A219EDEA6F9C}"
	ProjectSection(ProjectDependencies) = postProject
		{825545A4-DA87-4532-8211-0A9AFED2C5E0} = {825545A4-DA87-4532-8211-0A9AFED2C5E0}
	EndProjectSection
EndProject
Project("{8BC9CEB8-8B4A-11D0-8D11-00A0C91BC942}") = "winpr-interlocked", "libwinpr\interlocked\winpr-interlocked.vcxproj", "{97FFB6CC-93BB-4DBF-A733-91F2A1D2D580}"
	ProjectSection(ProjectDependencies) = postProject
		{825545A4-DA87-4532-8211-0A9AFED2C5E0} = {825545A4-DA87-4532-8211-0A9AFED2C5E0}
		{C6DA5EA1-A9A1-4CFC-B07B-0B6370FFEA5C} = {C6DA5EA1-A9A1-4CFC-B07B-0B6370FFEA5C}
	EndProjectSection
EndProject
Project("{8BC9CEB8-8B4A-11D0-8D11-00A0C91BC942}") = "winpr-io", "libwinpr\io\winpr-io.vcxproj", "{497D8F51-167B-4042-8BCC-9D2B17385ABA}"
	ProjectSection(ProjectDependencies) = postProject
		{825545A4-DA87-4532-8211-0A9AFED2C5E0} = {825545A4-DA87-4532-8211-0A9AFED2C5E0}
		{ADB60431-BCCF-4CB8-8C0E-E138A57474B6} = {ADB60431-BCCF-4CB8-8C0E-E138A57474B6}
		{4AF767FA-4C9D-42EC-9B1D-BF186083E8E2} = {4AF767FA-4C9D-42EC-9B1D-BF186083E8E2}
		{60C07A95-36D0-4B73-A038-DFB351E90761} = {60C07A95-36D0-4B73-A038-DFB351E90761}
		{A1FA23D1-34F9-4B74-B556-AF36A68D0FF8} = {A1FA23D1-34F9-4B74-B556-AF36A68D0FF8}
		{82E339FC-50F3-49E1-B229-A10D269FDFD5} = {82E339FC-50F3-49E1-B229-A10D269FDFD5}
	EndProjectSection
EndProject
Project("{8BC9CEB8-8B4A-11D0-8D11-00A0C91BC942}") = "winpr-library", "libwinpr\library\winpr-library.vcxproj", "{7F8402A8-58FF-41B8-B5CD-03CC24DC8DC8}"
	ProjectSection(ProjectDependencies) = postProject
	EndProjectSection
EndProject
Project("{8BC9CEB8-8B4A-11D0-8D11-00A0C91BC942}") = "winpr-locale", "libwinpr\locale\winpr-locale.vcxproj", "{C1F35CE4-59ED-47F1-B7BD-0B36DA6C1A57}"
	ProjectSection(ProjectDependencies) = postProject
	EndProjectSection
EndProject
Project("{8BC9CEB8-8B4A-11D0-8D11-00A0C91BC942}") = "winpr-makecert", "tools\makecert\cli\winpr-makecert.vcxproj", "{46348203-CD09-400B-833F-66CEDA58DDDD}"
	ProjectSection(ProjectDependencies) = postProject
		{825545A4-DA87-4532-8211-0A9AFED2C5E0} = {825545A4-DA87-4532-8211-0A9AFED2C5E0}
		{ADB60431-BCCF-4CB8-8C0E-E138A57474B6} = {ADB60431-BCCF-4CB8-8C0E-E138A57474B6}
		{4AF767FA-4C9D-42EC-9B1D-BF186083E8E2} = {4AF767FA-4C9D-42EC-9B1D-BF186083E8E2}
		{DD902847-C640-412F-A834-06DC1F7FEB88} = {DD902847-C640-412F-A834-06DC1F7FEB88}
		{C6DA5EA1-A9A1-4CFC-B07B-0B6370FFEA5C} = {C6DA5EA1-A9A1-4CFC-B07B-0B6370FFEA5C}
		{60C07A95-36D0-4B73-A038-DFB351E90761} = {60C07A95-36D0-4B73-A038-DFB351E90761}
		{97FFB6CC-93BB-4DBF-A733-91F2A1D2D580} = {97FFB6CC-93BB-4DBF-A733-91F2A1D2D580}
		{272875D4-4B6A-469B-9CBD-72B647579EFC} = {272875D4-4B6A-469B-9CBD-72B647579EFC}
		{A1FA23D1-34F9-4B74-B556-AF36A68D0FF8} = {A1FA23D1-34F9-4B74-B556-AF36A68D0FF8}
		{82E339FC-50F3-49E1-B229-A10D269FDFD5} = {82E339FC-50F3-49E1-B229-A10D269FDFD5}
		{10FBDA97-3BAF-42AF-B005-14F04BFAFE6F} = {10FBDA97-3BAF-42AF-B005-14F04BFAFE6F}
		{F85F9BF9-DC8E-4F9C-81BD-2063B87693FD} = {F85F9BF9-DC8E-4F9C-81BD-2063B87693FD}
		{E1A0AA40-EFB4-42CD-9630-9A34CC7E247F} = {E1A0AA40-EFB4-42CD-9630-9A34CC7E247F}
		{7B21439D-0332-491A-AA0B-6505AF146102} = {7B21439D-0332-491A-AA0B-6505AF146102}
	EndProjectSection
EndProject
Project("{8BC9CEB8-8B4A-11D0-8D11-00A0C91BC942}") = "winpr-makecert-tool", "tools\makecert\winpr-makecert-tool.vcxproj", "{272875D4-4B6A-469B-9CBD-72B647579EFC}"
	ProjectSection(ProjectDependencies) = postProject
		{825545A4-DA87-4532-8211-0A9AFED2C5E0} = {825545A4-DA87-4532-8211-0A9AFED2C5E0}
		{ADB60431-BCCF-4CB8-8C0E-E138A57474B6} = {ADB60431-BCCF-4CB8-8C0E-E138A57474B6}
		{4AF767FA-4C9D-42EC-9B1D-BF186083E8E2} = {4AF767FA-4C9D-42EC-9B1D-BF186083E8E2}
		{DD902847-C640-412F-A834-06DC1F7FEB88} = {DD902847-C640-412F-A834-06DC1F7FEB88}
		{C6DA5EA1-A9A1-4CFC-B07B-0B6370FFEA5C} = {C6DA5EA1-A9A1-4CFC-B07B-0B6370FFEA5C}
		{60C07A95-36D0-4B73-A038-DFB351E90761} = {60C07A95-36D0-4B73-A038-DFB351E90761}
		{97FFB6CC-93BB-4DBF-A733-91F2A1D2D580} = {97FFB6CC-93BB-4DBF-A733-91F2A1D2D580}
		{A1FA23D1-34F9-4B74-B556-AF36A68D0FF8} = {A1FA23D1-34F9-4B74-B556-AF36A68D0FF8}
		{82E339FC-50F3-49E1-B229-A10D269FDFD5} = {82E339FC-50F3-49E1-B229-A10D269FDFD5}
		{10FBDA97-3BAF-42AF-B005-14F04BFAFE6F} = {10FBDA97-3BAF-42AF-B005-14F04BFAFE6F}
		{F85F9BF9-DC8E-4F9C-81BD-2063B87693FD} = {F85F9BF9-DC8E-4F9C-81BD-2063B87693FD}
		{E1A0AA40-EFB4-42CD-9630-9A34CC7E247F} = {E1A0AA40-EFB4-42CD-9630-9A34CC7E247F}
		{7B21439D-0332-491A-AA0B-6505AF146102} = {7B21439D-0332-491A-AA0B-6505AF146102}
	EndProjectSection
EndProject
Project("{8BC9CEB8-8B4A-11D0-8D11-00A0C91BC942}") = "winpr-memory", "libwinpr\memory\winpr-memory.vcxproj", "{A995C0E6-42B3-40E3-937F-B1DD7C0D9105}"
	ProjectSection(ProjectDependencies) = postProject
		{825545A4-DA87-4532-8211-0A9AFED2C5E0} = {825545A4-DA87-4532-8211-0A9AFED2C5E0}
	EndProjectSection
EndProject
Project("{8BC9CEB8-8B4A-11D0-8D11-00A0C91BC942}") = "winpr-nt", "libwinpr\nt\winpr-nt.vcxproj", "{A1FA23D1-34F9-4B74-B556-AF36A68D0FF8}"
	ProjectSection(ProjectDependencies) = postProject
		{825545A4-DA87-4532-8211-0A9AFED2C5E0} = {825545A4-DA87-4532-8211-0A9AFED2C5E0}
	EndProjectSection
EndProject
Project("{8BC9CEB8-8B4A-11D0-8D11-00A0C91BC942}") = "winpr-path", "libwinpr\path\winpr-path.vcxproj", "{82E339FC-50F3-49E1-B229-A10D269FDFD5}"
	ProjectSection(ProjectDependencies) = postProject
		{825545A4-DA87-4532-8211-0A9AFED2C5E0} = {825545A4-DA87-4532-8211-0A9AFED2C5E0}
		{ADB60431-BCCF-4CB8-8C0E-E138A57474B6} = {ADB60431-BCCF-4CB8-8C0E-E138A57474B6}
		{4AF767FA-4C9D-42EC-9B1D-BF186083E8E2} = {4AF767FA-4C9D-42EC-9B1D-BF186083E8E2}
		{60C07A95-36D0-4B73-A038-DFB351E90761} = {60C07A95-36D0-4B73-A038-DFB351E90761}
		{A1FA23D1-34F9-4B74-B556-AF36A68D0FF8} = {A1FA23D1-34F9-4B74-B556-AF36A68D0FF8}
	EndProjectSection
EndProject
Project("{8BC9CEB8-8B4A-11D0-8D11-00A0C91BC942}") = "winpr-pipe", "libwinpr\pipe\winpr-pipe.vcxproj", "{22BD60B5-C039-46F3-A20C-F9DABF29311C}"
	ProjectSection(ProjectDependencies) = postProject
		{825545A4-DA87-4532-8211-0A9AFED2C5E0} = {825545A4-DA87-4532-8211-0A9AFED2C5E0}
		{ADB60431-BCCF-4CB8-8C0E-E138A57474B6} = {ADB60431-BCCF-4CB8-8C0E-E138A57474B6}
		{4AF767FA-4C9D-42EC-9B1D-BF186083E8E2} = {4AF767FA-4C9D-42EC-9B1D-BF186083E8E2}
		{DD902847-C640-412F-A834-06DC1F7FEB88} = {DD902847-C640-412F-A834-06DC1F7FEB88}
		{C6DA5EA1-A9A1-4CFC-B07B-0B6370FFEA5C} = {C6DA5EA1-A9A1-4CFC-B07B-0B6370FFEA5C}
		{60C07A95-36D0-4B73-A038-DFB351E90761} = {60C07A95-36D0-4B73-A038-DFB351E90761}
		{97FFB6CC-93BB-4DBF-A733-91F2A1D2D580} = {97FFB6CC-93BB-4DBF-A733-91F2A1D2D580}
		{A1FA23D1-34F9-4B74-B556-AF36A68D0FF8} = {A1FA23D1-34F9-4B74-B556-AF36A68D0FF8}
		{82E339FC-50F3-49E1-B229-A10D269FDFD5} = {82E339FC-50F3-49E1-B229-A10D269FDFD5}
		{10FBDA97-3BAF-42AF-B005-14F04BFAFE6F} = {10FBDA97-3BAF-42AF-B005-14F04BFAFE6F}
		{F85F9BF9-DC8E-4F9C-81BD-2063B87693FD} = {F85F9BF9-DC8E-4F9C-81BD-2063B87693FD}
		{E1A0AA40-EFB4-42CD-9630-9A34CC7E247F} = {E1A0AA40-EFB4-42CD-9630-9A34CC7E247F}
	EndProjectSection
EndProject
Project("{8BC9CEB8-8B4A-11D0-8D11-00A0C91BC942}") = "winpr-pool", "libwinpr\pool\winpr-pool.vcxproj", "{BDDF92AA-AAB7-42A2-B56B-7287FAA691FD}"
	ProjectSection(ProjectDependencies) = postProject
		{825545A4-DA87-4532-8211-0A9AFED2C5E0} = {825545A4-DA87-4532-8211-0A9AFED2C5E0}
		{ADB60431-BCCF-4CB8-8C0E-E138A57474B6} = {ADB60431-BCCF-4CB8-8C0E-E138A57474B6}
		{4AF767FA-4C9D-42EC-9B1D-BF186083E8E2} = {4AF767FA-4C9D-42EC-9B1D-BF186083E8E2}
		{DD902847-C640-412F-A834-06DC1F7FEB88} = {DD902847-C640-412F-A834-06DC1F7FEB88}
		{C6DA5EA1-A9A1-4CFC-B07B-0B6370FFEA5C} = {C6DA5EA1-A9A1-4CFC-B07B-0B6370FFEA5C}
		{60C07A95-36D0-4B73-A038-DFB351E90761} = {60C07A95-36D0-4B73-A038-DFB351E90761}
		{97FFB6CC-93BB-4DBF-A733-91F2A1D2D580} = {97FFB6CC-93BB-4DBF-A733-91F2A1D2D580}
		{A1FA23D1-34F9-4B74-B556-AF36A68D0FF8} = {A1FA23D1-34F9-4B74-B556-AF36A68D0FF8}
		{82E339FC-50F3-49E1-B229-A10D269FDFD5} = {82E339FC-50F3-49E1-B229-A10D269FDFD5}
		{10FBDA97-3BAF-42AF-B005-14F04BFAFE6F} = {10FBDA97-3BAF-42AF-B005-14F04BFAFE6F}
		{F85F9BF9-DC8E-4F9C-81BD-2063B87693FD} = {F85F9BF9-DC8E-4F9C-81BD-2063B87693FD}
		{E1A0AA40-EFB4-42CD-9630-9A34CC7E247F} = {E1A0AA40-EFB4-42CD-9630-9A34CC7E247F}
		{7B21439D-0332-491A-AA0B-6505AF146102} = {7B21439D-0332-491A-AA0B-6505AF146102}
	EndProjectSection
EndProject
Project("{8BC9CEB8-8B4A-11D0-8D11-00A0C91BC942}") = "winpr-registry", "libwinpr\registry\winpr-registry.vcxproj", "{3D75956F-BCEF-40B6-9B7D-A684F5228A31}"
	ProjectSection(ProjectDependencies) = postProject
		{825545A4-DA87-4532-8211-0A9AFED2C5E0} = {825545A4-DA87-4532-8211-0A9AFED2C5E0}
		{ADB60431-BCCF-4CB8-8C0E-E138A57474B6} = {ADB60431-BCCF-4CB8-8C0E-E138A57474B6}
		{4AF767FA-4C9D-42EC-9B1D-BF186083E8E2} = {4AF767FA-4C9D-42EC-9B1D-BF186083E8E2}
		{DD902847-C640-412F-A834-06DC1F7FEB88} = {DD902847-C640-412F-A834-06DC1F7FEB88}
		{C6DA5EA1-A9A1-4CFC-B07B-0B6370FFEA5C} = {C6DA5EA1-A9A1-4CFC-B07B-0B6370FFEA5C}
		{60C07A95-36D0-4B73-A038-DFB351E90761} = {60C07A95-36D0-4B73-A038-DFB351E90761}
		{97FFB6CC-93BB-4DBF-A733-91F2A1D2D580} = {97FFB6CC-93BB-4DBF-A733-91F2A1D2D580}
		{A1FA23D1-34F9-4B74-B556-AF36A68D0FF8} = {A1FA23D1-34F9-4B74-B556-AF36A68D0FF8}
		{82E339FC-50F3-49E1-B229-A10D269FDFD5} = {82E339FC-50F3-49E1-B229-A10D269FDFD5}
		{10FBDA97-3BAF-42AF-B005-14F04BFAFE6F} = {10FBDA97-3BAF-42AF-B005-14F04BFAFE6F}
		{F85F9BF9-DC8E-4F9C-81BD-2063B87693FD} = {F85F9BF9-DC8E-4F9C-81BD-2063B87693FD}
		{E1A0AA40-EFB4-42CD-9630-9A34CC7E247F} = {E1A0AA40-EFB4-42CD-9630-9A34CC7E247F}
		{7B21439D-0332-491A-AA0B-6505AF146102} = {7B21439D-0332-491A-AA0B-6505AF146102}
	EndProjectSection
EndProject
Project("{8BC9CEB8-8B4A-11D0-8D11-00A0C91BC942}") = "winpr-rpc", "libwinpr\rpc\winpr-rpc.vcxproj", "{43689192-C210-45E6-9631-9FB109027E04}"
	ProjectSection(ProjectDependencies) = postProject
	EndProjectSection
EndProject
Project("{8BC9CEB8-8B4A-11D0-8D11-00A0C91BC942}") = "winpr-security", "libwinpr\security\winpr-security.vcxproj", "{2436A457-C001-4144-8236-1AE11B44F922}"
	ProjectSection(ProjectDependencies) = postProject
	EndProjectSection
EndProject
Project("{8BC9CEB8-8B4A-11D0-8D11-00A0C91BC942}") = "winpr-smartcard", "libwinpr\smartcard\winpr-smartcard.vcxproj", "{58E83EB3-72BF-4146-AE2E-BC645AF51F54}"
	ProjectSection(ProjectDependencies) = postProject
		{825545A4-DA87-4532-8211-0A9AFED2C5E0} = {825545A4-DA87-4532-8211-0A9AFED2C5E0}
		{ADB60431-BCCF-4CB8-8C0E-E138A57474B6} = {ADB60431-BCCF-4CB8-8C0E-E138A57474B6}
		{4AF767FA-4C9D-42EC-9B1D-BF186083E8E2} = {4AF767FA-4C9D-42EC-9B1D-BF186083E8E2}
		{DD902847-C640-412F-A834-06DC1F7FEB88} = {DD902847-C640-412F-A834-06DC1F7FEB88}
		{C6DA5EA1-A9A1-4CFC-B07B-0B6370FFEA5C} = {C6DA5EA1-A9A1-4CFC-B07B-0B6370FFEA5C}
		{60C07A95-36D0-4B73-A038-DFB351E90761} = {60C07A95-36D0-4B73-A038-DFB351E90761}
		{97FFB6CC-93BB-4DBF-A733-91F2A1D2D580} = {97FFB6CC-93BB-4DBF-A733-91F2A1D2D580}
		{7F8402A8-58FF-41B8-B5CD-03CC24DC8DC8} = {7F8402A8-58FF-41B8-B5CD-03CC24DC8DC8}
		{A1FA23D1-34F9-4B74-B556-AF36A68D0FF8} = {A1FA23D1-34F9-4B74-B556-AF36A68D0FF8}
		{82E339FC-50F3-49E1-B229-A10D269FDFD5} = {82E339FC-50F3-49E1-B229-A10D269FDFD5}
		{10FBDA97-3BAF-42AF-B005-14F04BFAFE6F} = {10FBDA97-3BAF-42AF-B005-14F04BFAFE6F}
		{F85F9BF9-DC8E-4F9C-81BD-2063B87693FD} = {F85F9BF9-DC8E-4F9C-81BD-2063B87693FD}
		{E1A0AA40-EFB4-42CD-9630-9A34CC7E247F} = {E1A0AA40-EFB4-42CD-9630-9A34CC7E247F}
		{7B21439D-0332-491A-AA0B-6505AF146102} = {7B21439D-0332-491A-AA0B-6505AF146102}
	EndProjectSection
EndProject
Project("{8BC9CEB8-8B4A-11D0-8D11-00A0C91BC942}") = "winpr-sspi", "libwinpr\sspi\winpr-sspi.vcxproj", "{1B92E8C4-FC9B-4ADB-9B48-10593DA72B2E}"
	ProjectSection(ProjectDependencies) = postProject
		{825545A4-DA87-4532-8211-0A9AFED2C5E0} = {825545A4-DA87-4532-8211-0A9AFED2C5E0}
		{4E5CEA81-B001-4E51-9A4F-0EB556A6D68B} = {4E5CEA81-B001-4E51-9A4F-0EB556A6D68B}
		{ADB60431-BCCF-4CB8-8C0E-E138A57474B6} = {ADB60431-BCCF-4CB8-8C0E-E138A57474B6}
		{4AF767FA-4C9D-42EC-9B1D-BF186083E8E2} = {4AF767FA-4C9D-42EC-9B1D-BF186083E8E2}
		{DD902847-C640-412F-A834-06DC1F7FEB88} = {DD902847-C640-412F-A834-06DC1F7FEB88}
		{C6DA5EA1-A9A1-4CFC-B07B-0B6370FFEA5C} = {C6DA5EA1-A9A1-4CFC-B07B-0B6370FFEA5C}
		{60C07A95-36D0-4B73-A038-DFB351E90761} = {60C07A95-36D0-4B73-A038-DFB351E90761}
		{97FFB6CC-93BB-4DBF-A733-91F2A1D2D580} = {97FFB6CC-93BB-4DBF-A733-91F2A1D2D580}
		{A1FA23D1-34F9-4B74-B556-AF36A68D0FF8} = {A1FA23D1-34F9-4B74-B556-AF36A68D0FF8}
		{82E339FC-50F3-49E1-B229-A10D269FDFD5} = {82E339FC-50F3-49E1-B229-A10D269FDFD5}
		{3D75956F-BCEF-40B6-9B7D-A684F5228A31} = {3D75956F-BCEF-40B6-9B7D-A684F5228A31}
		{10FBDA97-3BAF-42AF-B005-14F04BFAFE6F} = {10FBDA97-3BAF-42AF-B005-14F04BFAFE6F}
		{F85F9BF9-DC8E-4F9C-81BD-2063B87693FD} = {F85F9BF9-DC8E-4F9C-81BD-2063B87693FD}
		{E1A0AA40-EFB4-42CD-9630-9A34CC7E247F} = {E1A0AA40-EFB4-42CD-9630-9A34CC7E247F}
		{7B21439D-0332-491A-AA0B-6505AF146102} = {7B21439D-0332-491A-AA0B-6505AF146102}
	EndProjectSection
EndProject
Project("{8BC9CEB8-8B4A-11D0-8D11-00A0C91BC942}") = "winpr-sspicli", "libwinpr\sspicli\winpr-sspicli.vcxproj", "{90BA4A10-1FE0-481C-A8FF-939F45614E4C}"
	ProjectSection(ProjectDependencies) = postProject
	EndProjectSection
EndProject
Project("{8BC9CEB8-8B4A-11D0-8D11-00A0C91BC942}") = "winpr-synch", "libwinpr\synch\winpr-synch.vcxproj", "{10FBDA97-3BAF-42AF-B005-14F04BFAFE6F}"
	ProjectSection(ProjectDependencies) = postProject
		{825545A4-DA87-4532-8211-0A9AFED2C5E0} = {825545A4-DA87-4532-8211-0A9AFED2C5E0}
		{ADB60431-BCCF-4CB8-8C0E-E138A57474B6} = {ADB60431-BCCF-4CB8-8C0E-E138A57474B6}
		{4AF767FA-4C9D-42EC-9B1D-BF186083E8E2} = {4AF767FA-4C9D-42EC-9B1D-BF186083E8E2}
		{C6DA5EA1-A9A1-4CFC-B07B-0B6370FFEA5C} = {C6DA5EA1-A9A1-4CFC-B07B-0B6370FFEA5C}
		{60C07A95-36D0-4B73-A038-DFB351E90761} = {60C07A95-36D0-4B73-A038-DFB351E90761}
		{97FFB6CC-93BB-4DBF-A733-91F2A1D2D580} = {97FFB6CC-93BB-4DBF-A733-91F2A1D2D580}
		{A1FA23D1-34F9-4B74-B556-AF36A68D0FF8} = {A1FA23D1-34F9-4B74-B556-AF36A68D0FF8}
		{82E339FC-50F3-49E1-B229-A10D269FDFD5} = {82E339FC-50F3-49E1-B229-A10D269FDFD5}
		{F85F9BF9-DC8E-4F9C-81BD-2063B87693FD} = {F85F9BF9-DC8E-4F9C-81BD-2063B87693FD}
		{E1A0AA40-EFB4-42CD-9630-9A34CC7E247F} = {E1A0AA40-EFB4-42CD-9630-9A34CC7E247F}
	EndProjectSection
EndProject
Project("{8BC9CEB8-8B4A-11D0-8D11-00A0C91BC942}") = "winpr-sysinfo", "libwinpr\sysinfo\winpr-sysinfo.vcxproj", "{F85F9BF9-DC8E-4F9C-81BD-2063B87693FD}"
	ProjectSection(ProjectDependencies) = postProject
	EndProjectSection
EndProject
Project("{8BC9CEB8-8B4A-11D0-8D11-00A0C91BC942}") = "winpr-thread", "libwinpr\thread\winpr-thread.vcxproj", "{E1A0AA40-EFB4-42CD-9630-9A34CC7E247F}"
	ProjectSection(ProjectDependencies) = postProject
		{825545A4-DA87-4532-8211-0A9AFED2C5E0} = {825545A4-DA87-4532-8211-0A9AFED2C5E0}
		{ADB60431-BCCF-4CB8-8C0E-E138A57474B6} = {ADB60431-BCCF-4CB8-8C0E-E138A57474B6}
		{4AF767FA-4C9D-42EC-9B1D-BF186083E8E2} = {4AF767FA-4C9D-42EC-9B1D-BF186083E8E2}
		{C6DA5EA1-A9A1-4CFC-B07B-0B6370FFEA5C} = {C6DA5EA1-A9A1-4CFC-B07B-0B6370FFEA5C}
		{60C07A95-36D0-4B73-A038-DFB351E90761} = {60C07A95-36D0-4B73-A038-DFB351E90761}
		{A1FA23D1-34F9-4B74-B556-AF36A68D0FF8} = {A1FA23D1-34F9-4B74-B556-AF36A68D0FF8}
		{82E339FC-50F3-49E1-B229-A10D269FDFD5} = {82E339FC-50F3-49E1-B229-A10D269FDFD5}
	EndProjectSection
EndProject
Project("{8BC9CEB8-8B4A-11D0-8D11-00A0C91BC942}") = "winpr-timezone", "libwinpr\timezone\winpr-timezone.vcxproj", "{B33E2C0D-0D60-4E37-ABF0-BFFB15A4E11B}"
	ProjectSection(ProjectDependencies) = postProject
	EndProjectSection
EndProject
Project("{8BC9CEB8-8B4A-11D0-8D11-00A0C91BC942}") = "winpr-utils", "libwinpr\utils\winpr-utils.vcxproj", "{7B21439D-0332-491A-AA0B-6505AF146102}"
	ProjectSection(ProjectDependencies) = postProject
		{825545A4-DA87-4532-8211-0A9AFED2C5E0} = {825545A4-DA87-4532-8211-0A9AFED2C5E0}
		{ADB60431-BCCF-4CB8-8C0E-E138A57474B6} = {ADB60431-BCCF-4CB8-8C0E-E138A57474B6}
		{4AF767FA-4C9D-42EC-9B1D-BF186083E8E2} = {4AF767FA-4C9D-42EC-9B1D-BF186083E8E2}
		{DD902847-C640-412F-A834-06DC1F7FEB88} = {DD902847-C640-412F-A834-06DC1F7FEB88}
		{C6DA5EA1-A9A1-4CFC-B07B-0B6370FFEA5C} = {C6DA5EA1-A9A1-4CFC-B07B-0B6370FFEA5C}
		{60C07A95-36D0-4B73-A038-DFB351E90761} = {60C07A95-36D0-4B73-A038-DFB351E90761}
		{97FFB6CC-93BB-4DBF-A733-91F2A1D2D580} = {97FFB6CC-93BB-4DBF-A733-91F2A1D2D580}
		{A1FA23D1-34F9-4B74-B556-AF36A68D0FF8} = {A1FA23D1-34F9-4B74-B556-AF36A68D0FF8}
		{82E339FC-50F3-49E1-B229-A10D269FDFD5} = {82E339FC-50F3-49E1-B229-A10D269FDFD5}
		{10FBDA97-3BAF-42AF-B005-14F04BFAFE6F} = {10FBDA97-3BAF-42AF-B005-14F04BFAFE6F}
		{F85F9BF9-DC8E-4F9C-81BD-2063B87693FD} = {F85F9BF9-DC8E-4F9C-81BD-2063B87693FD}
		{E1A0AA40-EFB4-42CD-9630-9A34CC7E247F} = {E1A0AA40-EFB4-42CD-9630-9A34CC7E247F}
	EndProjectSection
EndProject
Project("{8BC9CEB8-8B4A-11D0-8D11-00A0C91BC942}") = "winpr-winhttp", "libwinpr\winhttp\winpr-winhttp.vcxproj", "{50A87631-8F75-421F-BF55-72F323EFA355}"
	ProjectSection(ProjectDependencies) = postProject
	EndProjectSection
EndProject
Project("{8BC9CEB8-8B4A-11D0-8D11-00A0C91BC942}") = "winpr-winsock", "libwinpr\winsock\winpr-winsock.vcxproj", "{6BE9FB30-E25F-4101-8382-632D81C3FA1D}"
	ProjectSection(ProjectDependencies) = postProject
	EndProjectSection
EndProject
Project("{8BC9CEB8-8B4A-11D0-8D11-00A0C91BC942}") = "winpr-wnd", "libwinpr\wnd\winpr-wnd.vcxproj", "{0E1DCBB6-6014-4443-A329-7F518206C31A}"
	ProjectSection(ProjectDependencies) = postProject
		{825545A4-DA87-4532-8211-0A9AFED2C5E0} = {825545A4-DA87-4532-8211-0A9AFED2C5E0}
		{ADB60431-BCCF-4CB8-8C0E-E138A57474B6} = {ADB60431-BCCF-4CB8-8C0E-E138A57474B6}
		{4AF767FA-4C9D-42EC-9B1D-BF186083E8E2} = {4AF767FA-4C9D-42EC-9B1D-BF186083E8E2}
		{DD902847-C640-412F-A834-06DC1F7FEB88} = {DD902847-C640-412F-A834-06DC1F7FEB88}
		{C6DA5EA1-A9A1-4CFC-B07B-0B6370FFEA5C} = {C6DA5EA1-A9A1-4CFC-B07B-0B6370FFEA5C}
		{60C07A95-36D0-4B73-A038-DFB351E90761} = {60C07A95-36D0-4B73-A038-DFB351E90761}
		{97FFB6CC-93BB-4DBF-A733-91F2A1D2D580} = {97FFB6CC-93BB-4DBF-A733-91F2A1D2D580}
		{A1FA23D1-34F9-4B74-B556-AF36A68D0FF8} = {A1FA23D1-34F9-4B74-B556-AF36A68D0FF8}
		{82E339FC-50F3-49E1-B229-A10D269FDFD5} = {82E339FC-50F3-49E1-B229-A10D269FDFD5}
		{10FBDA97-3BAF-42AF-B005-14F04BFAFE6F} = {10FBDA97-3BAF-42AF-B005-14F04BFAFE6F}
		{F85F9BF9-DC8E-4F9C-81BD-2063B87693FD} = {F85F9BF9-DC8E-4F9C-81BD-2063B87693FD}
		{E1A0AA40-EFB4-42CD-9630-9A34CC7E247F} = {E1A0AA40-EFB4-42CD-9630-9A34CC7E247F}
		{7B21439D-0332-491A-AA0B-6505AF146102} = {7B21439D-0332-491A-AA0B-6505AF146102}
	EndProjectSection
EndProject
Project("{8BC9CEB8-8B4A-11D0-8D11-00A0C91BC942}") = "winpr-wtsapi", "libwinpr\wtsapi\winpr-wtsapi.vcxproj", "{8E049620-2F85-463A-A341-2F23D1C10966}"
	ProjectSection(ProjectDependencies) = postProject
		{825545A4-DA87-4532-8211-0A9AFED2C5E0} = {825545A4-DA87-4532-8211-0A9AFED2C5E0}
		{ADB60431-BCCF-4CB8-8C0E-E138A57474B6} = {ADB60431-BCCF-4CB8-8C0E-E138A57474B6}
		{4AF767FA-4C9D-42EC-9B1D-BF186083E8E2} = {4AF767FA-4C9D-42EC-9B1D-BF186083E8E2}
		{DD902847-C640-412F-A834-06DC1F7FEB88} = {DD902847-C640-412F-A834-06DC1F7FEB88}
		{C6DA5EA1-A9A1-4CFC-B07B-0B6370FFEA5C} = {C6DA5EA1-A9A1-4CFC-B07B-0B6370FFEA5C}
		{60C07A95-36D0-4B73-A038-DFB351E90761} = {60C07A95-36D0-4B73-A038-DFB351E90761}
		{97FFB6CC-93BB-4DBF-A733-91F2A1D2D580} = {97FFB6CC-93BB-4DBF-A733-91F2A1D2D580}
		{497D8F51-167B-4042-8BCC-9D2B17385ABA} = {497D8F51-167B-4042-8BCC-9D2B17385ABA}
		{7F8402A8-58FF-41B8-B5CD-03CC24DC8DC8} = {7F8402A8-58FF-41B8-B5CD-03CC24DC8DC8}
		{A1FA23D1-34F9-4B74-B556-AF36A68D0FF8} = {A1FA23D1-34F9-4B74-B556-AF36A68D0FF8}
		{82E339FC-50F3-49E1-B229-A10D269FDFD5} = {82E339FC-50F3-49E1-B229-A10D269FDFD5}
		{10FBDA97-3BAF-42AF-B005-14F04BFAFE6F} = {10FBDA97-3BAF-42AF-B005-14F04BFAFE6F}
		{F85F9BF9-DC8E-4F9C-81BD-2063B87693FD} = {F85F9BF9-DC8E-4F9C-81BD-2063B87693FD}
		{E1A0AA40-EFB4-42CD-9630-9A34CC7E247F} = {E1A0AA40-EFB4-42CD-9630-9A34CC7E247F}
		{7B21439D-0332-491A-AA0B-6505AF146102} = {7B21439D-0332-491A-AA0B-6505AF146102}
	EndProjectSection
EndProject
Project("{2150E333-8FDC-42A3-9474-1A3956D46DE8}") = "CMakePredefinedTargets", "CMakePredefinedTargets", "{8586963F-6B14-40E5-BC07-737E16B9BFAE}"
EndProject
Project("{2150E333-8FDC-42A3-9474-1A3956D46DE8}") = "WinPR", "WinPR", "{4C36FC35-0862-415B-8603-9B59423D7DB3}"
EndProject
Project("{2150E333-8FDC-42A3-9474-1A3956D46DE8}") = "Tools", "WinPR\Tools", "{42F3AAD9-175C-4D0F-8854-01A501A4074B}"
EndProject
Global
	GlobalSection(SolutionConfigurationPlatforms) = preSolution
		Debug|Win32 = Debug|Win32
		Release|Win32 = Release|Win32
		MinSizeRel|Win32 = MinSizeRel|Win32
		RelWithDebInfo|Win32 = RelWithDebInfo|Win32
	EndGlobalSection
	GlobalSection(ProjectConfigurationPlatforms) = postSolution
		{559EF740-43C3-4F2C-9D11-3CCFAD015A8B}.Debug|Win32.ActiveCfg = Debug|Win32
		{559EF740-43C3-4F2C-9D11-3CCFAD015A8B}.Debug|Win32.Build.0 = Debug|Win32
		{559EF740-43C3-4F2C-9D11-3CCFAD015A8B}.Release|Win32.ActiveCfg = Release|Win32
		{559EF740-43C3-4F2C-9D11-3CCFAD015A8B}.Release|Win32.Build.0 = Release|Win32
		{559EF740-43C3-4F2C-9D11-3CCFAD015A8B}.MinSizeRel|Win32.ActiveCfg = MinSizeRel|Win32
		{559EF740-43C3-4F2C-9D11-3CCFAD015A8B}.MinSizeRel|Win32.Build.0 = MinSizeRel|Win32
		{559EF740-43C3-4F2C-9D11-3CCFAD015A8B}.RelWithDebInfo|Win32.ActiveCfg = RelWithDebInfo|Win32
		{559EF740-43C3-4F2C-9D11-3CCFAD015A8B}.RelWithDebInfo|Win32.Build.0 = RelWithDebInfo|Win32
		{31159324-08E9-492F-A06E-5D169ABAFA23}.Debug|Win32.ActiveCfg = Debug|Win32
		{31159324-08E9-492F-A06E-5D169ABAFA23}.Release|Win32.ActiveCfg = Release|Win32
		{31159324-08E9-492F-A06E-5D169ABAFA23}.MinSizeRel|Win32.ActiveCfg = MinSizeRel|Win32
		{31159324-08E9-492F-A06E-5D169ABAFA23}.RelWithDebInfo|Win32.ActiveCfg = RelWithDebInfo|Win32
		{5C872BB2-3749-4755-91A0-74E4E55CBE67}.Debug|Win32.ActiveCfg = Debug|Win32
		{5C872BB2-3749-4755-91A0-74E4E55CBE67}.Release|Win32.ActiveCfg = Release|Win32
		{5C872BB2-3749-4755-91A0-74E4E55CBE67}.MinSizeRel|Win32.ActiveCfg = MinSizeRel|Win32
		{5C872BB2-3749-4755-91A0-74E4E55CBE67}.RelWithDebInfo|Win32.ActiveCfg = RelWithDebInfo|Win32
		{9A591CD7-E007-43EE-BBBD-EDF52558BBFF}.Debug|Win32.ActiveCfg = Debug|Win32
		{9A591CD7-E007-43EE-BBBD-EDF52558BBFF}.Debug|Win32.Build.0 = Debug|Win32
		{9A591CD7-E007-43EE-BBBD-EDF52558BBFF}.Release|Win32.ActiveCfg = Release|Win32
		{9A591CD7-E007-43EE-BBBD-EDF52558BBFF}.Release|Win32.Build.0 = Release|Win32
		{9A591CD7-E007-43EE-BBBD-EDF52558BBFF}.MinSizeRel|Win32.ActiveCfg = MinSizeRel|Win32
		{9A591CD7-E007-43EE-BBBD-EDF52558BBFF}.MinSizeRel|Win32.Build.0 = MinSizeRel|Win32
		{9A591CD7-E007-43EE-BBBD-EDF52558BBFF}.RelWithDebInfo|Win32.ActiveCfg = RelWithDebInfo|Win32
		{9A591CD7-E007-43EE-BBBD-EDF52558BBFF}.RelWithDebInfo|Win32.Build.0 = RelWithDebInfo|Win32
		{92F180E0-24C9-4AD3-99FC-EEDD6D03C56D}.Debug|Win32.ActiveCfg = Debug|Win32
		{92F180E0-24C9-4AD3-99FC-EEDD6D03C56D}.Debug|Win32.Build.0 = Debug|Win32
		{92F180E0-24C9-4AD3-99FC-EEDD6D03C56D}.Release|Win32.ActiveCfg = Release|Win32
		{92F180E0-24C9-4AD3-99FC-EEDD6D03C56D}.Release|Win32.Build.0 = Release|Win32
		{92F180E0-24C9-4AD3-99FC-EEDD6D03C56D}.MinSizeRel|Win32.ActiveCfg = MinSizeRel|Win32
		{92F180E0-24C9-4AD3-99FC-EEDD6D03C56D}.MinSizeRel|Win32.Build.0 = MinSizeRel|Win32
		{92F180E0-24C9-4AD3-99FC-EEDD6D03C56D}.RelWithDebInfo|Win32.ActiveCfg = RelWithDebInfo|Win32
		{92F180E0-24C9-4AD3-99FC-EEDD6D03C56D}.RelWithDebInfo|Win32.Build.0 = RelWithDebInfo|Win32
		{D0EE6DA6-34EA-4839-8FEE-C20A4FB9A743}.Debug|Win32.ActiveCfg = Debug|Win32
		{D0EE6DA6-34EA-4839-8FEE-C20A4FB9A743}.Debug|Win32.Build.0 = Debug|Win32
		{D0EE6DA6-34EA-4839-8FEE-C20A4FB9A743}.Release|Win32.ActiveCfg = Release|Win32
		{D0EE6DA6-34EA-4839-8FEE-C20A4FB9A743}.Release|Win32.Build.0 = Release|Win32
		{D0EE6DA6-34EA-4839-8FEE-C20A4FB9A743}.MinSizeRel|Win32.ActiveCfg = MinSizeRel|Win32
		{D0EE6DA6-34EA-4839-8FEE-C20A4FB9A743}.MinSizeRel|Win32.Build.0 = MinSizeRel|Win32
		{D0EE6DA6-34EA-4839-8FEE-C20A4FB9A743}.RelWithDebInfo|Win32.ActiveCfg = RelWithDebInfo|Win32
		{D0EE6DA6-34EA-4839-8FEE-C20A4FB9A743}.RelWithDebInfo|Win32.Build.0 = RelWithDebInfo|Win32
		{9A0ECE9A-4FAA-4A18-80D9-6D7ACEC5258B}.Debug|Win32.ActiveCfg = Debug|Win32
		{9A0ECE9A-4FAA-4A18-80D9-6D7ACEC5258B}.Debug|Win32.Build.0 = Debug|Win32
		{9A0ECE9A-4FAA-4A18-80D9-6D7ACEC5258B}.Release|Win32.ActiveCfg = Release|Win32
		{9A0ECE9A-4FAA-4A18-80D9-6D7ACEC5258B}.Release|Win32.Build.0 = Release|Win32
		{9A0ECE9A-4FAA-4A18-80D9-6D7ACEC5258B}.MinSizeRel|Win32.ActiveCfg = MinSizeRel|Win32
		{9A0ECE9A-4FAA-4A18-80D9-6D7ACEC5258B}.MinSizeRel|Win32.Build.0 = MinSizeRel|Win32
		{9A0ECE9A-4FAA-4A18-80D9-6D7ACEC5258B}.RelWithDebInfo|Win32.ActiveCfg = RelWithDebInfo|Win32
		{9A0ECE9A-4FAA-4A18-80D9-6D7ACEC5258B}.RelWithDebInfo|Win32.Build.0 = RelWithDebInfo|Win32
		{BDFB9F6C-2EF9-4C73-A38B-965208EB5573}.Debug|Win32.ActiveCfg = Debug|Win32
		{BDFB9F6C-2EF9-4C73-A38B-965208EB5573}.Debug|Win32.Build.0 = Debug|Win32
		{BDFB9F6C-2EF9-4C73-A38B-965208EB5573}.Release|Win32.ActiveCfg = Release|Win32
		{BDFB9F6C-2EF9-4C73-A38B-965208EB5573}.Release|Win32.Build.0 = Release|Win32
		{BDFB9F6C-2EF9-4C73-A38B-965208EB5573}.MinSizeRel|Win32.ActiveCfg = MinSizeRel|Win32
		{BDFB9F6C-2EF9-4C73-A38B-965208EB5573}.MinSizeRel|Win32.Build.0 = MinSizeRel|Win32
		{BDFB9F6C-2EF9-4C73-A38B-965208EB5573}.RelWithDebInfo|Win32.ActiveCfg = RelWithDebInfo|Win32
		{BDFB9F6C-2EF9-4C73-A38B-965208EB5573}.RelWithDebInfo|Win32.Build.0 = RelWithDebInfo|Win32
		{825545A4-DA87-4532-8211-0A9AFED2C5E0}.Debug|Win32.ActiveCfg = Debug|Win32
		{825545A4-DA87-4532-8211-0A9AFED2C5E0}.Debug|Win32.Build.0 = Debug|Win32
		{825545A4-DA87-4532-8211-0A9AFED2C5E0}.Release|Win32.ActiveCfg = Release|Win32
		{825545A4-DA87-4532-8211-0A9AFED2C5E0}.Release|Win32.Build.0 = Release|Win32
		{825545A4-DA87-4532-8211-0A9AFED2C5E0}.MinSizeRel|Win32.ActiveCfg = MinSizeRel|Win32
		{825545A4-DA87-4532-8211-0A9AFED2C5E0}.MinSizeRel|Win32.Build.0 = MinSizeRel|Win32
		{825545A4-DA87-4532-8211-0A9AFED2C5E0}.RelWithDebInfo|Win32.ActiveCfg = RelWithDebInfo|Win32
		{825545A4-DA87-4532-8211-0A9AFED2C5E0}.RelWithDebInfo|Win32.Build.0 = RelWithDebInfo|Win32
		{4E5CEA81-B001-4E51-9A4F-0EB556A6D68B}.Debug|Win32.ActiveCfg = Debug|Win32
		{4E5CEA81-B001-4E51-9A4F-0EB556A6D68B}.Debug|Win32.Build.0 = Debug|Win32
		{4E5CEA81-B001-4E51-9A4F-0EB556A6D68B}.Release|Win32.ActiveCfg = Release|Win32
		{4E5CEA81-B001-4E51-9A4F-0EB556A6D68B}.Release|Win32.Build.0 = Release|Win32
		{4E5CEA81-B001-4E51-9A4F-0EB556A6D68B}.MinSizeRel|Win32.ActiveCfg = MinSizeRel|Win32
		{4E5CEA81-B001-4E51-9A4F-0EB556A6D68B}.MinSizeRel|Win32.Build.0 = MinSizeRel|Win32
		{4E5CEA81-B001-4E51-9A4F-0EB556A6D68B}.RelWithDebInfo|Win32.ActiveCfg = RelWithDebInfo|Win32
		{4E5CEA81-B001-4E51-9A4F-0EB556A6D68B}.RelWithDebInfo|Win32.Build.0 = RelWithDebInfo|Win32
		{71DF58C6-B848-4954-931F-FBFBD6377B09}.Debug|Win32.ActiveCfg = Debug|Win32
		{71DF58C6-B848-4954-931F-FBFBD6377B09}.Debug|Win32.Build.0 = Debug|Win32
		{71DF58C6-B848-4954-931F-FBFBD6377B09}.Release|Win32.ActiveCfg = Release|Win32
		{71DF58C6-B848-4954-931F-FBFBD6377B09}.Release|Win32.Build.0 = Release|Win32
		{71DF58C6-B848-4954-931F-FBFBD6377B09}.MinSizeRel|Win32.ActiveCfg = MinSizeRel|Win32
		{71DF58C6-B848-4954-931F-FBFBD6377B09}.MinSizeRel|Win32.Build.0 = MinSizeRel|Win32
		{71DF58C6-B848-4954-931F-FBFBD6377B09}.RelWithDebInfo|Win32.ActiveCfg = RelWithDebInfo|Win32
		{71DF58C6-B848-4954-931F-FBFBD6377B09}.RelWithDebInfo|Win32.Build.0 = RelWithDebInfo|Win32
		{ADB60431-BCCF-4CB8-8C0E-E138A57474B6}.Debug|Win32.ActiveCfg = Debug|Win32
		{ADB60431-BCCF-4CB8-8C0E-E138A57474B6}.Debug|Win32.Build.0 = Debug|Win32
		{ADB60431-BCCF-4CB8-8C0E-E138A57474B6}.Release|Win32.ActiveCfg = Release|Win32
		{ADB60431-BCCF-4CB8-8C0E-E138A57474B6}.Release|Win32.Build.0 = Release|Win32
		{ADB60431-BCCF-4CB8-8C0E-E138A57474B6}.MinSizeRel|Win32.ActiveCfg = MinSizeRel|Win32
		{ADB60431-BCCF-4CB8-8C0E-E138A57474B6}.MinSizeRel|Win32.Build.0 = MinSizeRel|Win32
		{ADB60431-BCCF-4CB8-8C0E-E138A57474B6}.RelWithDebInfo|Win32.ActiveCfg = RelWithDebInfo|Win32
		{ADB60431-BCCF-4CB8-8C0E-E138A57474B6}.RelWithDebInfo|Win32.Build.0 = RelWithDebInfo|Win32
		{4AF767FA-4C9D-42EC-9B1D-BF186083E8E2}.Debug|Win32.ActiveCfg = Debug|Win32
		{4AF767FA-4C9D-42EC-9B1D-BF186083E8E2}.Debug|Win32.Build.0 = Debug|Win32
		{4AF767FA-4C9D-42EC-9B1D-BF186083E8E2}.Release|Win32.ActiveCfg = Release|Win32
		{4AF767FA-4C9D-42EC-9B1D-BF186083E8E2}.Release|Win32.Build.0 = Release|Win32
		{4AF767FA-4C9D-42EC-9B1D-BF186083E8E2}.MinSizeRel|Win32.ActiveCfg = MinSizeRel|Win32
		{4AF767FA-4C9D-42EC-9B1D-BF186083E8E2}.MinSizeRel|Win32.Build.0 = MinSizeRel|Win32
		{4AF767FA-4C9D-42EC-9B1D-BF186083E8E2}.RelWithDebInfo|Win32.ActiveCfg = RelWithDebInfo|Win32
		{4AF767FA-4C9D-42EC-9B1D-BF186083E8E2}.RelWithDebInfo|Win32.Build.0 = RelWithDebInfo|Win32
		{DD902847-C640-412F-A834-06DC1F7FEB88}.Debug|Win32.ActiveCfg = Debug|Win32
		{DD902847-C640-412F-A834-06DC1F7FEB88}.Debug|Win32.Build.0 = Debug|Win32
		{DD902847-C640-412F-A834-06DC1F7FEB88}.Release|Win32.ActiveCfg = Release|Win32
		{DD902847-C640-412F-A834-06DC1F7FEB88}.Release|Win32.Build.0 = Release|Win32
		{DD902847-C640-412F-A834-06DC1F7FEB88}.MinSizeRel|Win32.ActiveCfg = MinSizeRel|Win32
		{DD902847-C640-412F-A834-06DC1F7FEB88}.MinSizeRel|Win32.Build.0 = MinSizeRel|Win32
		{DD902847-C640-412F-A834-06DC1F7FEB88}.RelWithDebInfo|Win32.ActiveCfg = RelWithDebInfo|Win32
		{DD902847-C640-412F-A834-06DC1F7FEB88}.RelWithDebInfo|Win32.Build.0 = RelWithDebInfo|Win32
		{C6DA5EA1-A9A1-4CFC-B07B-0B6370FFEA5C}.Debug|Win32.ActiveCfg = Debug|Win32
		{C6DA5EA1-A9A1-4CFC-B07B-0B6370FFEA5C}.Debug|Win32.Build.0 = Debug|Win32
		{C6DA5EA1-A9A1-4CFC-B07B-0B6370FFEA5C}.Release|Win32.ActiveCfg = Release|Win32
		{C6DA5EA1-A9A1-4CFC-B07B-0B6370FFEA5C}.Release|Win32.Build.0 = Release|Win32
		{C6DA5EA1-A9A1-4CFC-B07B-0B6370FFEA5C}.MinSizeRel|Win32.ActiveCfg = MinSizeRel|Win32
		{C6DA5EA1-A9A1-4CFC-B07B-0B6370FFEA5C}.MinSizeRel|Win32.Build.0 = MinSizeRel|Win32
		{C6DA5EA1-A9A1-4CFC-B07B-0B6370FFEA5C}.RelWithDebInfo|Win32.ActiveCfg = RelWithDebInfo|Win32
		{C6DA5EA1-A9A1-4CFC-B07B-0B6370FFEA5C}.RelWithDebInfo|Win32.Build.0 = RelWithDebInfo|Win32
		{0E945379-8962-4825-A358-4686524ED3A0}.Debug|Win32.ActiveCfg = Debug|Win32
		{0E945379-8962-4825-A358-4686524ED3A0}.Debug|Win32.Build.0 = Debug|Win32
		{0E945379-8962-4825-A358-4686524ED3A0}.Release|Win32.ActiveCfg = Release|Win32
		{0E945379-8962-4825-A358-4686524ED3A0}.Release|Win32.Build.0 = Release|Win32
		{0E945379-8962-4825-A358-4686524ED3A0}.MinSizeRel|Win32.ActiveCfg = MinSizeRel|Win32
		{0E945379-8962-4825-A358-4686524ED3A0}.MinSizeRel|Win32.Build.0 = MinSizeRel|Win32
		{0E945379-8962-4825-A358-4686524ED3A0}.RelWithDebInfo|Win32.ActiveCfg = RelWithDebInfo|Win32
		{0E945379-8962-4825-A358-4686524ED3A0}.RelWithDebInfo|Win32.Build.0 = RelWithDebInfo|Win32
		{60C07A95-36D0-4B73-A038-DFB351E90761}.Debug|Win32.ActiveCfg = Debug|Win32
		{60C07A95-36D0-4B73-A038-DFB351E90761}.Debug|Win32.Build.0 = Debug|Win32
		{60C07A95-36D0-4B73-A038-DFB351E90761}.Release|Win32.ActiveCfg = Release|Win32
		{60C07A95-36D0-4B73-A038-DFB351E90761}.Release|Win32.Build.0 = Release|Win32
		{60C07A95-36D0-4B73-A038-DFB351E90761}.MinSizeRel|Win32.ActiveCfg = MinSizeRel|Win32
		{60C07A95-36D0-4B73-A038-DFB351E90761}.MinSizeRel|Win32.Build.0 = MinSizeRel|Win32
		{60C07A95-36D0-4B73-A038-DFB351E90761}.RelWithDebInfo|Win32.ActiveCfg = RelWithDebInfo|Win32
		{60C07A95-36D0-4B73-A038-DFB351E90761}.RelWithDebInfo|Win32.Build.0 = RelWithDebInfo|Win32
		{37D2F89E-9069-43A0-8AAC-A219EDEA6F9C}.Debug|Win32.ActiveCfg = Debug|Win32
		{37D2F89E-9069-43A0-8AAC-A219EDEA6F9C}.Debug|Win32.Build.0 = Debug|Win32
		{37D2F89E-9069-43A0-8AAC-A219EDEA6F9C}.Release|Win32.ActiveCfg = Release|Win32
		{37D2F89E-9069-43A0-8AAC-A219EDEA6F9C}.Release|Win32.Build.0 = Release|Win32
		{37D2F89E-9069-43A0-8AAC-A219EDEA6F9C}.MinSizeRel|Win32.ActiveCfg = MinSizeRel|Win32
		{37D2F89E-9069-43A0-8AAC-A219EDEA6F9C}.MinSizeRel|Win32.Build.0 = MinSizeRel|Win32
		{37D2F89E-9069-43A0-8AAC-A219EDEA6F9C}.RelWithDebInfo|Win32.ActiveCfg = RelWithDebInfo|Win32
		{37D2F89E-9069-43A0-8AAC-A219EDEA6F9C}.RelWithDebInfo|Win32.Build.0 = RelWithDebInfo|Win32
		{97FFB6CC-93BB-4DBF-A733-91F2A1D2D580}.Debug|Win32.ActiveCfg = Debug|Win32
		{97FFB6CC-93BB-4DBF-A733-91F2A1D2D580}.Debug|Win32.Build.0 = Debug|Win32
		{97FFB6CC-93BB-4DBF-A733-91F2A1D2D580}.Release|Win32.ActiveCfg = Release|Win32
		{97FFB6CC-93BB-4DBF-A733-91F2A1D2D580}.Release|Win32.Build.0 = Release|Win32
		{97FFB6CC-93BB-4DBF-A733-91F2A1D2D580}.MinSizeRel|Win32.ActiveCfg = MinSizeRel|Win32
		{97FFB6CC-93BB-4DBF-A733-91F2A1D2D580}.MinSizeRel|Win32.Build.0 = MinSizeRel|Win32
		{97FFB6CC-93BB-4DBF-A733-91F2A1D2D580}.RelWithDebInfo|Win32.ActiveCfg = RelWithDebInfo|Win32
		{97FFB6CC-93BB-4DBF-A733-91F2A1D2D580}.RelWithDebInfo|Win32.Build.0 = RelWithDebInfo|Win32
		{497D8F51-167B-4042-8BCC-9D2B17385ABA}.Debug|Win32.ActiveCfg = Debug|Win32
		{497D8F51-167B-4042-8BCC-9D2B17385ABA}.Debug|Win32.Build.0 = Debug|Win32
		{497D8F51-167B-4042-8BCC-9D2B17385ABA}.Release|Win32.ActiveCfg = Release|Win32
		{497D8F51-167B-4042-8BCC-9D2B17385ABA}.Release|Win32.Build.0 = Release|Win32
		{497D8F51-167B-4042-8BCC-9D2B17385ABA}.MinSizeRel|Win32.ActiveCfg = MinSizeRel|Win32
		{497D8F51-167B-4042-8BCC-9D2B17385ABA}.MinSizeRel|Win32.Build.0 = MinSizeRel|Win32
		{497D8F51-167B-4042-8BCC-9D2B17385ABA}.RelWithDebInfo|Win32.ActiveCfg = RelWithDebInfo|Win32
		{497D8F51-167B-4042-8BCC-9D2B17385ABA}.RelWithDebInfo|Win32.Build.0 = RelWithDebInfo|Win32
		{7F8402A8-58FF-41B8-B5CD-03CC24DC8DC8}.Debug|Win32.ActiveCfg = Debug|Win32
		{7F8402A8-58FF-41B8-B5CD-03CC24DC8DC8}.Debug|Win32.Build.0 = Debug|Win32
		{7F8402A8-58FF-41B8-B5CD-03CC24DC8DC8}.Release|Win32.ActiveCfg = Release|Win32
		{7F8402A8-58FF-41B8-B5CD-03CC24DC8DC8}.Release|Win32.Build.0 = Release|Win32
		{7F8402A8-58FF-41B8-B5CD-03CC24DC8DC8}.MinSizeRel|Win32.ActiveCfg = MinSizeRel|Win32
		{7F8402A8-58FF-41B8-B5CD-03CC24DC8DC8}.MinSizeRel|Win32.Build.0 = MinSizeRel|Win32
		{7F8402A8-58FF-41B8-B5CD-03CC24DC8DC8}.RelWithDebInfo|Win32.ActiveCfg = RelWithDebInfo|Win32
		{7F8402A8-58FF-41B8-B5CD-03CC24DC8DC8}.RelWithDebInfo|Win32.Build.0 = RelWithDebInfo|Win32
		{C1F35CE4-59ED-47F1-B7BD-0B36DA6C1A57}.Debug|Win32.ActiveCfg = Debug|Win32
		{C1F35CE4-59ED-47F1-B7BD-0B36DA6C1A57}.Debug|Win32.Build.0 = Debug|Win32
		{C1F35CE4-59ED-47F1-B7BD-0B36DA6C1A57}.Release|Win32.ActiveCfg = Release|Win32
		{C1F35CE4-59ED-47F1-B7BD-0B36DA6C1A57}.Release|Win32.Build.0 = Release|Win32
		{C1F35CE4-59ED-47F1-B7BD-0B36DA6C1A57}.MinSizeRel|Win32.ActiveCfg = MinSizeRel|Win32
		{C1F35CE4-59ED-47F1-B7BD-0B36DA6C1A57}.MinSizeRel|Win32.Build.0 = MinSizeRel|Win32
		{C1F35CE4-59ED-47F1-B7BD-0B36DA6C1A57}.RelWithDebInfo|Win32.ActiveCfg = RelWithDebInfo|Win32
		{C1F35CE4-59ED-47F1-B7BD-0B36DA6C1A57}.RelWithDebInfo|Win32.Build.0 = RelWithDebInfo|Win32
		{46348203-CD09-400B-833F-66CEDA58DDDD}.Debug|Win32.ActiveCfg = Debug|Win32
		{46348203-CD09-400B-833F-66CEDA58DDDD}.Debug|Win32.Build.0 = Debug|Win32
		{46348203-CD09-400B-833F-66CEDA58DDDD}.Release|Win32.ActiveCfg = Release|Win32
		{46348203-CD09-400B-833F-66CEDA58DDDD}.Release|Win32.Build.0 = Release|Win32
		{46348203-CD09-400B-833F-66CEDA58DDDD}.MinSizeRel|Win32.ActiveCfg = MinSizeRel|Win32
		{46348203-CD09-400B-833F-66CEDA58DDDD}.MinSizeRel|Win32.Build.0 = MinSizeRel|Win32
		{46348203-CD09-400B-833F-66CEDA58DDDD}.RelWithDebInfo|Win32.ActiveCfg = RelWithDebInfo|Win32
		{46348203-CD09-400B-833F-66CEDA58DDDD}.RelWithDebInfo|Win32.Build.0 = RelWithDebInfo|Win32
		{272875D4-4B6A-469B-9CBD-72B647579EFC}.Debug|Win32.ActiveCfg = Debug|Win32
		{272875D4-4B6A-469B-9CBD-72B647579EFC}.Debug|Win32.Build.0 = Debug|Win32
		{272875D4-4B6A-469B-9CBD-72B647579EFC}.Release|Win32.ActiveCfg = Release|Win32
		{272875D4-4B6A-469B-9CBD-72B647579EFC}.Release|Win32.Build.0 = Release|Win32
		{272875D4-4B6A-469B-9CBD-72B647579EFC}.MinSizeRel|Win32.ActiveCfg = MinSizeRel|Win32
		{272875D4-4B6A-469B-9CBD-72B647579EFC}.MinSizeRel|Win32.Build.0 = MinSizeRel|Win32
		{272875D4-4B6A-469B-9CBD-72B647579EFC}.RelWithDebInfo|Win32.ActiveCfg = RelWithDebInfo|Win32
		{272875D4-4B6A-469B-9CBD-72B647579EFC}.RelWithDebInfo|Win32.Build.0 = RelWithDebInfo|Win32
		{A995C0E6-42B3-40E3-937F-B1DD7C0D9105}.Debug|Win32.ActiveCfg = Debug|Win32
		{A995C0E6-42B3-40E3-937F-B1DD7C0D9105}.Debug|Win32.Build.0 = Debug|Win32
		{A995C0E6-42B3-40E3-937F-B1DD7C0D9105}.Release|Win32.ActiveCfg = Release|Win32
		{A995C0E6-42B3-40E3-937F-B1DD7C0D9105}.Release|Win32.Build.0 = Release|Win32
		{A995C0E6-42B3-40E3-937F-B1DD7C0D9105}.MinSizeRel|Win32.ActiveCfg = MinSizeRel|Win32
		{A995C0E6-42B3-40E3-937F-B1DD7C0D9105}.MinSizeRel|Win32.Build.0 = MinSizeRel|Win32
		{A995C0E6-42B3-40E3-937F-B1DD7C0D9105}.RelWithDebInfo|Win32.ActiveCfg = RelWithDebInfo|Win32
		{A995C0E6-42B3-40E3-937F-B1DD7C0D9105}.RelWithDebInfo|Win32.Build.0 = RelWithDebInfo|Win32
		{A1FA23D1-34F9-4B74-B556-AF36A68D0FF8}.Debug|Win32.ActiveCfg = Debug|Win32
		{A1FA23D1-34F9-4B74-B556-AF36A68D0FF8}.Debug|Win32.Build.0 = Debug|Win32
		{A1FA23D1-34F9-4B74-B556-AF36A68D0FF8}.Release|Win32.ActiveCfg = Release|Win32
		{A1FA23D1-34F9-4B74-B556-AF36A68D0FF8}.Release|Win32.Build.0 = Release|Win32
		{A1FA23D1-34F9-4B74-B556-AF36A68D0FF8}.MinSizeRel|Win32.ActiveCfg = MinSizeRel|Win32
		{A1FA23D1-34F9-4B74-B556-AF36A68D0FF8}.MinSizeRel|Win32.Build.0 = MinSizeRel|Win32
		{A1FA23D1-34F9-4B74-B556-AF36A68D0FF8}.RelWithDebInfo|Win32.ActiveCfg = RelWithDebInfo|Win32
		{A1FA23D1-34F9-4B74-B556-AF36A68D0FF8}.RelWithDebInfo|Win32.Build.0 = RelWithDebInfo|Win32
		{82E339FC-50F3-49E1-B229-A10D269FDFD5}.Debug|Win32.ActiveCfg = Debug|Win32
		{82E339FC-50F3-49E1-B229-A10D269FDFD5}.Debug|Win32.Build.0 = Debug|Win32
		{82E339FC-50F3-49E1-B229-A10D269FDFD5}.Release|Win32.ActiveCfg = Release|Win32
		{82E339FC-50F3-49E1-B229-A10D269FDFD5}.Release|Win32.Build.0 = Release|Win32
		{82E339FC-50F3-49E1-B229-A10D269FDFD5}.MinSizeRel|Win32.ActiveCfg = MinSizeRel|Win32
		{82E339FC-50F3-49E1-B229-A10D269FDFD5}.MinSizeRel|Win32.Build.0 = MinSizeRel|Win32
		{82E339FC-50F3-49E1-B229-A10D269FDFD5}.RelWithDebInfo|Win32.ActiveCfg = RelWithDebInfo|Win32
		{82E339FC-50F3-49E1-B229-A10D269FDFD5}.RelWithDebInfo|Win32.Build.0 = RelWithDebInfo|Win32
		{22BD60B5-C039-46F3-A20C-F9DABF29311C}.Debug|Win32.ActiveCfg = Debug|Win32
		{22BD60B5-C039-46F3-A20C-F9DABF29311C}.Debug|Win32.Build.0 = Debug|Win32
		{22BD60B5-C039-46F3-A20C-F9DABF29311C}.Release|Win32.ActiveCfg = Release|Win32
		{22BD60B5-C039-46F3-A20C-F9DABF29311C}.Release|Win32.Build.0 = Release|Win32
		{22BD60B5-C039-46F3-A20C-F9DABF29311C}.MinSizeRel|Win32.ActiveCfg = MinSizeRel|Win32
		{22BD60B5-C039-46F3-A20C-F9DABF29311C}.MinSizeRel|Win32.Build.0 = MinSizeRel|Win32
		{22BD60B5-C039-46F3-A20C-F9DABF29311C}.RelWithDebInfo|Win32.ActiveCfg = RelWithDebInfo|Win32
		{22BD60B5-C039-46F3-A20C-F9DABF29311C}.RelWithDebInfo|Win32.Build.0 = RelWithDebInfo|Win32
		{BDDF92AA-AAB7-42A2-B56B-7287FAA691FD}.Debug|Win32.ActiveCfg = Debug|Win32
		{BDDF92AA-AAB7-42A2-B56B-7287FAA691FD}.Debug|Win32.Build.0 = Debug|Win32
		{BDDF92AA-AAB7-42A2-B56B-7287FAA691FD}.Release|Win32.ActiveCfg = Release|Win32
		{BDDF92AA-AAB7-42A2-B56B-7287FAA691FD}.Release|Win32.Build.0 = Release|Win32
		{BDDF92AA-AAB7-42A2-B56B-7287FAA691FD}.MinSizeRel|Win32.ActiveCfg = MinSizeRel|Win32
		{BDDF92AA-AAB7-42A2-B56B-7287FAA691FD}.MinSizeRel|Win32.Build.0 = MinSizeRel|Win32
		{BDDF92AA-AAB7-42A2-B56B-7287FAA691FD}.RelWithDebInfo|Win32.ActiveCfg = RelWithDebInfo|Win32
		{BDDF92AA-AAB7-42A2-B56B-7287FAA691FD}.RelWithDebInfo|Win32.Build.0 = RelWithDebInfo|Win32
		{3D75956F-BCEF-40B6-9B7D-A684F5228A31}.Debug|Win32.ActiveCfg = Debug|Win32
		{3D75956F-BCEF-40B6-9B7D-A684F5228A31}.Debug|Win32.Build.0 = Debug|Win32
		{3D75956F-BCEF-40B6-9B7D-A684F5228A31}.Release|Win32.ActiveCfg = Release|Win32
		{3D75956F-BCEF-40B6-9B7D-A684F5228A31}.Release|Win32.Build.0 = Release|Win32
		{3D75956F-BCEF-40B6-9B7D-A684F5228A31}.MinSizeRel|Win32.ActiveCfg = MinSizeRel|Win32
		{3D75956F-BCEF-40B6-9B7D-A684F5228A31}.MinSizeRel|Win32.Build.0 = MinSizeRel|Win32
		{3D75956F-BCEF-40B6-9B7D-A684F5228A31}.RelWithDebInfo|Win32.ActiveCfg = RelWithDebInfo|Win32
		{3D75956F-BCEF-40B6-9B7D-A684F5228A31}.RelWithDebInfo|Win32.Build.0 = RelWithDebInfo|Win32
		{43689192-C210-45E6-9631-9FB109027E04}.Debug|Win32.ActiveCfg = Debug|Win32
		{43689192-C210-45E6-9631-9FB109027E04}.Debug|Win32.Build.0 = Debug|Win32
		{43689192-C210-45E6-9631-9FB109027E04}.Release|Win32.ActiveCfg = Release|Win32
		{43689192-C210-45E6-9631-9FB109027E04}.Release|Win32.Build.0 = Release|Win32
		{43689192-C210-45E6-9631-9FB109027E04}.MinSizeRel|Win32.ActiveCfg = MinSizeRel|Win32
		{43689192-C210-45E6-9631-9FB109027E04}.MinSizeRel|Win32.Build.0 = MinSizeRel|Win32
		{43689192-C210-45E6-9631-9FB109027E04}.RelWithDebInfo|Win32.ActiveCfg = RelWithDebInfo|Win32
		{43689192-C210-45E6-9631-9FB109027E04}.RelWithDebInfo|Win32.Build.0 = RelWithDebInfo|Win32
		{2436A457-C001-4144-8236-1AE11B44F922}.Debug|Win32.ActiveCfg = Debug|Win32
		{2436A457-C001-4144-8236-1AE11B44F922}.Debug|Win32.Build.0 = Debug|Win32
		{2436A457-C001-4144-8236-1AE11B44F922}.Release|Win32.ActiveCfg = Release|Win32
		{2436A457-C001-4144-8236-1AE11B44F922}.Release|Win32.Build.0 = Release|Win32
		{2436A457-C001-4144-8236-1AE11B44F922}.MinSizeRel|Win32.ActiveCfg = MinSizeRel|Win32
		{2436A457-C001-4144-8236-1AE11B44F922}.MinSizeRel|Win32.Build.0 = MinSizeRel|Win32
		{2436A457-C001-4144-8236-1AE11B44F922}.RelWithDebInfo|Win32.ActiveCfg = RelWithDebInfo|Win32
		{2436A457-C001-4144-8236-1AE11B44F922}.RelWithDebInfo|Win32.Build.0 = RelWithDebInfo|Win32
		{58E83EB3-72BF-4146-AE2E-BC645AF51F54}.Debug|Win32.ActiveCfg = Debug|Win32
		{58E83EB3-72BF-4146-AE2E-BC645AF51F54}.Debug|Win32.Build.0 = Debug|Win32
		{58E83EB3-72BF-4146-AE2E-BC645AF51F54}.Release|Win32.ActiveCfg = Release|Win32
		{58E83EB3-72BF-4146-AE2E-BC645AF51F54}.Release|Win32.Build.0 = Release|Win32
		{58E83EB3-72BF-4146-AE2E-BC645AF51F54}.MinSizeRel|Win32.ActiveCfg = MinSizeRel|Win32
		{58E83EB3-72BF-4146-AE2E-BC645AF51F54}.MinSizeRel|Win32.Build.0 = MinSizeRel|Win32
		{58E83EB3-72BF-4146-AE2E-BC645AF51F54}.RelWithDebInfo|Win32.ActiveCfg = RelWithDebInfo|Win32
		{58E83EB3-72BF-4146-AE2E-BC645AF51F54}.RelWithDebInfo|Win32.Build.0 = RelWithDebInfo|Win32
		{1B92E8C4-FC9B-4ADB-9B48-10593DA72B2E}.Debug|Win32.ActiveCfg = Debug|Win32
		{1B92E8C4-FC9B-4ADB-9B48-10593DA72B2E}.Debug|Win32.Build.0 = Debug|Win32
		{1B92E8C4-FC9B-4ADB-9B48-10593DA72B2E}.Release|Win32.ActiveCfg = Release|Win32
		{1B92E8C4-FC9B-4ADB-9B48-10593DA72B2E}.Release|Win32.Build.0 = Release|Win32
		{1B92E8C4-FC9B-4ADB-9B48-10593DA72B2E}.MinSizeRel|Win32.ActiveCfg = MinSizeRel|Win32
		{1B92E8C4-FC9B-4ADB-9B48-10593DA72B2E}.MinSizeRel|Win32.Build.0 = MinSizeRel|Win32
		{1B92E8C4-FC9B-4ADB-9B48-10593DA72B2E}.RelWithDebInfo|Win32.ActiveCfg = RelWithDebInfo|Win32
		{1B92E8C4-FC9B-4ADB-9B48-10593DA72B2E}.RelWithDebInfo|Win32.Build.0 = RelWithDebInfo|Win32
		{90BA4A10-1FE0-481C-A8FF-939F45614E4C}.Debug|Win32.ActiveCfg = Debug|Win32
		{90BA4A10-1FE0-481C-A8FF-939F45614E4C}.Debug|Win32.Build.0 = Debug|Win32
		{90BA4A10-1FE0-481C-A8FF-939F45614E4C}.Release|Win32.ActiveCfg = Release|Win32
		{90BA4A10-1FE0-481C-A8FF-939F45614E4C}.Release|Win32.Build.0 = Release|Win32
		{90BA4A10-1FE0-481C-A8FF-939F45614E4C}.MinSizeRel|Win32.ActiveCfg = MinSizeRel|Win32
		{90BA4A10-1FE0-481C-A8FF-939F45614E4C}.MinSizeRel|Win32.Build.0 = MinSizeRel|Win32
		{90BA4A10-1FE0-481C-A8FF-939F45614E4C}.RelWithDebInfo|Win32.ActiveCfg = RelWithDebInfo|Win32
		{90BA4A10-1FE0-481C-A8FF-939F45614E4C}.RelWithDebInfo|Win32.Build.0 = RelWithDebInfo|Win32
		{10FBDA97-3BAF-42AF-B005-14F04BFAFE6F}.Debug|Win32.ActiveCfg = Debug|Win32
		{10FBDA97-3BAF-42AF-B005-14F04BFAFE6F}.Debug|Win32.Build.0 = Debug|Win32
		{10FBDA97-3BAF-42AF-B005-14F04BFAFE6F}.Release|Win32.ActiveCfg = Release|Win32
		{10FBDA97-3BAF-42AF-B005-14F04BFAFE6F}.Release|Win32.Build.0 = Release|Win32
		{10FBDA97-3BAF-42AF-B005-14F04BFAFE6F}.MinSizeRel|Win32.ActiveCfg = MinSizeRel|Win32
		{10FBDA97-3BAF-42AF-B005-14F04BFAFE6F}.MinSizeRel|Win32.Build.0 = MinSizeRel|Win32
		{10FBDA97-3BAF-42AF-B005-14F04BFAFE6F}.RelWithDebInfo|Win32.ActiveCfg = RelWithDebInfo|Win32
		{10FBDA97-3BAF-42AF-B005-14F04BFAFE6F}.RelWithDebInfo|Win32.Build.0 = RelWithDebInfo|Win32
		{F85F9BF9-DC8E-4F9C-81BD-2063B87693FD}.Debug|Win32.ActiveCfg = Debug|Win32
		{F85F9BF9-DC8E-4F9C-81BD-2063B87693FD}.Debug|Win32.Build.0 = Debug|Win32
		{F85F9BF9-DC8E-4F9C-81BD-2063B87693FD}.Release|Win32.ActiveCfg = Release|Win32
		{F85F9BF9-DC8E-4F9C-81BD-2063B87693FD}.Release|Win32.Build.0 = Release|Win32
		{F85F9BF9-DC8E-4F9C-81BD-2063B87693FD}.MinSizeRel|Win32.ActiveCfg = MinSizeRel|Win32
		{F85F9BF9-DC8E-4F9C-81BD-2063B87693FD}.MinSizeRel|Win32.Build.0 = MinSizeRel|Win32
		{F85F9BF9-DC8E-4F9C-81BD-2063B87693FD}.RelWithDebInfo|Win32.ActiveCfg = RelWithDebInfo|Win32
		{F85F9BF9-DC8E-4F9C-81BD-2063B87693FD}.RelWithDebInfo|Win32.Build.0 = RelWithDebInfo|Win32
		{E1A0AA40-EFB4-42CD-9630-9A34CC7E247F}.Debug|Win32.ActiveCfg = Debug|Win32
		{E1A0AA40-EFB4-42CD-9630-9A34CC7E247F}.Debug|Win32.Build.0 = Debug|Win32
		{E1A0AA40-EFB4-42CD-9630-9A34CC7E247F}.Release|Win32.ActiveCfg = Release|Win32
		{E1A0AA40-EFB4-42CD-9630-9A34CC7E247F}.Release|Win32.Build.0 = Release|Win32
		{E1A0AA40-EFB4-42CD-9630-9A34CC7E247F}.MinSizeRel|Win32.ActiveCfg = MinSizeRel|Win32
		{E1A0AA40-EFB4-42CD-9630-9A34CC7E247F}.MinSizeRel|Win32.Build.0 = MinSizeRel|Win32
		{E1A0AA40-EFB4-42CD-9630-9A34CC7E247F}.RelWithDebInfo|Win32.ActiveCfg = RelWithDebInfo|Win32
		{E1A0AA40-EFB4-42CD-9630-9A34CC7E247F}.RelWithDebInfo|Win32.Build.0 = RelWithDebInfo|Win32
		{B33E2C0D-0D60-4E37-ABF0-BFFB15A4E11B}.Debug|Win32.ActiveCfg = Debug|Win32
		{B33E2C0D-0D60-4E37-ABF0-BFFB15A4E11B}.Debug|Win32.Build.0 = Debug|Win32
		{B33E2C0D-0D60-4E37-ABF0-BFFB15A4E11B}.Release|Win32.ActiveCfg = Release|Win32
		{B33E2C0D-0D60-4E37-ABF0-BFFB15A4E11B}.Release|Win32.Build.0 = Release|Win32
		{B33E2C0D-0D60-4E37-ABF0-BFFB15A4E11B}.MinSizeRel|Win32.ActiveCfg = MinSizeRel|Win32
		{B33E2C0D-0D60-4E37-ABF0-BFFB15A4E11B}.MinSizeRel|Win32.Build.0 = MinSizeRel|Win32
		{B33E2C0D-0D60-4E37-ABF0-BFFB15A4E11B}.RelWithDebInfo|Win32.ActiveCfg = RelWithDebInfo|Win32
		{B33E2C0D-0D60-4E37-ABF0-BFFB15A4E11B}.RelWithDebInfo|Win32.Build.0 = RelWithDebInfo|Win32
		{7B21439D-0332-491A-AA0B-6505AF146102}.Debug|Win32.ActiveCfg = Debug|Win32
		{7B21439D-0332-491A-AA0B-6505AF146102}.Debug|Win32.Build.0 = Debug|Win32
		{7B21439D-0332-491A-AA0B-6505AF146102}.Release|Win32.ActiveCfg = Release|Win32
		{7B21439D-0332-491A-AA0B-6505AF146102}.Release|Win32.Build.0 = Release|Win32
		{7B21439D-0332-491A-AA0B-6505AF146102}.MinSizeRel|Win32.ActiveCfg = MinSizeRel|Win32
		{7B21439D-0332-491A-AA0B-6505AF146102}.MinSizeRel|Win32.Build.0 = MinSizeRel|Win32
		{7B21439D-0332-491A-AA0B-6505AF146102}.RelWithDebInfo|Win32.ActiveCfg = RelWithDebInfo|Win32
		{7B21439D-0332-491A-AA0B-6505AF146102}.RelWithDebInfo|Win32.Build.0 = RelWithDebInfo|Win32
		{50A87631-8F75-421F-BF55-72F323EFA355}.Debug|Win32.ActiveCfg = Debug|Win32
		{50A87631-8F75-421F-BF55-72F323EFA355}.Debug|Win32.Build.0 = Debug|Win32
		{50A87631-8F75-421F-BF55-72F323EFA355}.Release|Win32.ActiveCfg = Release|Win32
		{50A87631-8F75-421F-BF55-72F323EFA355}.Release|Win32.Build.0 = Release|Win32
		{50A87631-8F75-421F-BF55-72F323EFA355}.MinSizeRel|Win32.ActiveCfg = MinSizeRel|Win32
		{50A87631-8F75-421F-BF55-72F323EFA355}.MinSizeRel|Win32.Build.0 = MinSizeRel|Win32
		{50A87631-8F75-421F-BF55-72F323EFA355}.RelWithDebInfo|Win32.ActiveCfg = RelWithDebInfo|Win32
		{50A87631-8F75-421F-BF55-72F323EFA355}.RelWithDebInfo|Win32.Build.0 = RelWithDebInfo|Win32
		{6BE9FB30-E25F-4101-8382-632D81C3FA1D}.Debug|Win32.ActiveCfg = Debug|Win32
		{6BE9FB30-E25F-4101-8382-632D81C3FA1D}.Debug|Win32.Build.0 = Debug|Win32
		{6BE9FB30-E25F-4101-8382-632D81C3FA1D}.Release|Win32.ActiveCfg = Release|Win32
		{6BE9FB30-E25F-4101-8382-632D81C3FA1D}.Release|Win32.Build.0 = Release|Win32
		{6BE9FB30-E25F-4101-8382-632D81C3FA1D}.MinSizeRel|Win32.ActiveCfg = MinSizeRel|Win32
		{6BE9FB30-E25F-4101-8382-632D81C3FA1D}.MinSizeRel|Win32.Build.0 = MinSizeRel|Win32
		{6BE9FB30-E25F-4101-8382-632D81C3FA1D}.RelWithDebInfo|Win32.ActiveCfg = RelWithDebInfo|Win32
		{6BE9FB30-E25F-4101-8382-632D81C3FA1D}.RelWithDebInfo|Win32.Build.0 = RelWithDebInfo|Win32
		{0E1DCBB6-6014-4443-A329-7F518206C31A}.Debug|Win32.ActiveCfg = Debug|Win32
		{0E1DCBB6-6014-4443-A329-7F518206C31A}.Debug|Win32.Build.0 = Debug|Win32
		{0E1DCBB6-6014-4443-A329-7F518206C31A}.Release|Win32.ActiveCfg = Release|Win32
		{0E1DCBB6-6014-4443-A329-7F518206C31A}.Release|Win32.Build.0 = Release|Win32
		{0E1DCBB6-6014-4443-A329-7F518206C31A}.MinSizeRel|Win32.ActiveCfg = MinSizeRel|Win32
		{0E1DCBB6-6014-4443-A329-7F518206C31A}.MinSizeRel|Win32.Build.0 = MinSizeRel|Win32
		{0E1DCBB6-6014-4443-A329-7F518206C31A}.RelWithDebInfo|Win32.ActiveCfg = RelWithDebInfo|Win32
		{0E1DCBB6-6014-4443-A329-7F518206C31A}.RelWithDebInfo|Win32.Build.0 = RelWithDebInfo|Win32
		{8E049620-2F85-463A-A341-2F23D1C10966}.Debug|Win32.ActiveCfg = Debug|Win32
		{8E049620-2F85-463A-A341-2F23D1C10966}.Debug|Win32.Build.0 = Debug|Win32
		{8E049620-2F85-463A-A341-2F23D1C10966}.Release|Win32.ActiveCfg = Release|Win32
		{8E049620-2F85-463A-A341-2F23D1C10966}.Release|Win32.Build.0 = Release|Win32
		{8E049620-2F85-463A-A341-2F23D1C10966}.MinSizeRel|Win32.ActiveCfg = MinSizeRel|Win32
		{8E049620-2F85-463A-A341-2F23D1C10966}.MinSizeRel|Win32.Build.0 = MinSizeRel|Win32
		{8E049620-2F85-463A-A341-2F23D1C10966}.RelWithDebInfo|Win32.ActiveCfg = RelWithDebInfo|Win32
		{8E049620-2F85-463A-A341-2F23D1C10966}.RelWithDebInfo|Win32.Build.0 = RelWithDebInfo|Win32
	EndGlobalSection
	GlobalSection(NestedProjects) = preSolution
		{31159324-08E9-492F-A06E-5D169ABAFA23} = {8586963F-6B14-40E5-BC07-737E16B9BFAE}
		{5C872BB2-3749-4755-91A0-74E4E55CBE67} = {8586963F-6B14-40E5-BC07-737E16B9BFAE}
		{42F3AAD9-175C-4D0F-8854-01A501A4074B} = {4C36FC35-0862-415B-8603-9B59423D7DB3}
		{9A591CD7-E007-43EE-BBBD-EDF52558BBFF} = {4C36FC35-0862-415B-8603-9B59423D7DB3}
		{92F180E0-24C9-4AD3-99FC-EEDD6D03C56D} = {4C36FC35-0862-415B-8603-9B59423D7DB3}
		{D0EE6DA6-34EA-4839-8FEE-C20A4FB9A743} = {4C36FC35-0862-415B-8603-9B59423D7DB3}
		{9A0ECE9A-4FAA-4A18-80D9-6D7ACEC5258B} = {4C36FC35-0862-415B-8603-9B59423D7DB3}
		{BDFB9F6C-2EF9-4C73-A38B-965208EB5573} = {4C36FC35-0862-415B-8603-9B59423D7DB3}
		{825545A4-DA87-4532-8211-0A9AFED2C5E0} = {4C36FC35-0862-415B-8603-9B59423D7DB3}
		{4E5CEA81-B001-4E51-9A4F-0EB556A6D68B} = {4C36FC35-0862-415B-8603-9B59423D7DB3}
		{71DF58C6-B848-4954-931F-FBFBD6377B09} = {4C36FC35-0862-415B-8603-9B59423D7DB3}
		{ADB60431-BCCF-4CB8-8C0E-E138A57474B6} = {4C36FC35-0862-415B-8603-9B59423D7DB3}
		{4AF767FA-4C9D-42EC-9B1D-BF186083E8E2} = {4C36FC35-0862-415B-8603-9B59423D7DB3}
		{DD902847-C640-412F-A834-06DC1F7FEB88} = {4C36FC35-0862-415B-8603-9B59423D7DB3}
		{C6DA5EA1-A9A1-4CFC-B07B-0B6370FFEA5C} = {4C36FC35-0862-415B-8603-9B59423D7DB3}
		{60C07A95-36D0-4B73-A038-DFB351E90761} = {4C36FC35-0862-415B-8603-9B59423D7DB3}
		{37D2F89E-9069-43A0-8AAC-A219EDEA6F9C} = {4C36FC35-0862-415B-8603-9B59423D7DB3}
		{97FFB6CC-93BB-4DBF-A733-91F2A1D2D580} = {4C36FC35-0862-415B-8603-9B59423D7DB3}
		{497D8F51-167B-4042-8BCC-9D2B17385ABA} = {4C36FC35-0862-415B-8603-9B59423D7DB3}
		{7F8402A8-58FF-41B8-B5CD-03CC24DC8DC8} = {4C36FC35-0862-415B-8603-9B59423D7DB3}
		{C1F35CE4-59ED-47F1-B7BD-0B36DA6C1A57} = {4C36FC35-0862-415B-8603-9B59423D7DB3}
		{A995C0E6-42B3-40E3-937F-B1DD7C0D9105} = {4C36FC35-0862-415B-8603-9B59423D7DB3}
		{A1FA23D1-34F9-4B74-B556-AF36A68D0FF8} = {4C36FC35-0862-415B-8603-9B59423D7DB3}
		{82E339FC-50F3-49E1-B229-A10D269FDFD5} = {4C36FC35-0862-415B-8603-9B59423D7DB3}
		{22BD60B5-C039-46F3-A20C-F9DABF29311C} = {4C36FC35-0862-415B-8603-9B59423D7DB3}
		{BDDF92AA-AAB7-42A2-B56B-7287FAA691FD} = {4C36FC35-0862-415B-8603-9B59423D7DB3}
		{3D75956F-BCEF-40B6-9B7D-A684F5228A31} = {4C36FC35-0862-415B-8603-9B59423D7DB3}
		{43689192-C210-45E6-9631-9FB109027E04} = {4C36FC35-0862-415B-8603-9B59423D7DB3}
		{2436A457-C001-4144-8236-1AE11B44F922} = {4C36FC35-0862-415B-8603-9B59423D7DB3}
		{58E83EB3-72BF-4146-AE2E-BC645AF51F54} = {4C36FC35-0862-415B-8603-9B59423D7DB3}
		{1B92E8C4-FC9B-4ADB-9B48-10593DA72B2E} = {4C36FC35-0862-415B-8603-9B59423D7DB3}
		{90BA4A10-1FE0-481C-A8FF-939F45614E4C} = {4C36FC35-0862-415B-8603-9B59423D7DB3}
		{10FBDA97-3BAF-42AF-B005-14F04BFAFE6F} = {4C36FC35-0862-415B-8603-9B59423D7DB3}
		{F85F9BF9-DC8E-4F9C-81BD-2063B87693FD} = {4C36FC35-0862-415B-8603-9B59423D7DB3}
		{E1A0AA40-EFB4-42CD-9630-9A34CC7E247F} = {4C36FC35-0862-415B-8603-9B59423D7DB3}
		{B33E2C0D-0D60-4E37-ABF0-BFFB15A4E11B} = {4C36FC35-0862-415B-8603-9B59423D7DB3}
		{7B21439D-0332-491A-AA0B-6505AF146102} = {4C36FC35-0862-415B-8603-9B59423D7DB3}
		{50A87631-8F75-421F-BF55-72F323EFA355} = {4C36FC35-0862-415B-8603-9B59423D7DB3}
		{6BE9FB30-E25F-4101-8382-632D81C3FA1D} = {4C36FC35-0862-415B-8603-9B59423D7DB3}
		{0E1DCBB6-6014-4443-A329-7F518206C31A} = {4C36FC35-0862-415B-8603-9B59423D7DB3}
		{8E049620-2F85-463A-A341-2F23D1C10966} = {4C36FC35-0862-415B-8603-9B59423D7DB3}
		{0E945379-8962-4825-A358-4686524ED3A0} = {42F3AAD9-175C-4D0F-8854-01A501A4074B}
		{46348203-CD09-400B-833F-66CEDA58DDDD} = {42F3AAD9-175C-4D0F-8854-01A501A4074B}
		{272875D4-4B6A-469B-9CBD-72B647579EFC} = {42F3AAD9-175C-4D0F-8854-01A501A4074B}
	EndGlobalSection
	GlobalSection(ExtensibilityGlobals) = postSolution
	EndGlobalSection
	GlobalSection(ExtensibilityAddIns) = postSolution
	EndGlobalSection
EndGlobal
